{
  "object": {
    "pins": [
      {
        "package": "BZipCompression",
        "repositoryURL": "https://github.com/richardpiazza/BZipCompression.git",
        "state": {
          "branch": null,
          "revision": "f20380f80ad16bd4ae7a109a12c57db1b3d44cc7",
          "version": "1.0.3"
        }
      },
      {
        "package": "Cbz2",
        "repositoryURL": "https://github.com/richardpiazza/Cbz2.git",
        "state": {
          "branch": null,
          "revision": "1d6111e39e5d48286a9eee5eee17770c3296d5f4",
          "version": "1.0.1"
        }
      },
      {
        "package": "CodeQuickKit",
        "repositoryURL": "https://github.com/richardpiazza/CodeQuickKit.git",
        "state": {
          "branch": null,
          "revision": "df76a07017c23c4976b96aa6ff1570255b393fdc",
          "version": "6.4.1"
        }
      }
    ]
  },
  "version": 1
}
