PODS:
  - CodeQuickKit (5.0.3):
    - CodeQuickKit/iOS (= 5.0.3)
  - CodeQuickKit/Foundation (5.0.3)
  - CodeQuickKit/iOS (5.0.3):
    - CodeQuickKit/Foundation

DEPENDENCIES:
  - CodeQuickKit (~> 5.0)

SPEC CHECKSUMS:
  CodeQuickKit: 1a93019176bff93b5547de239ea691ccdcfdc226

PODFILE CHECKSUM: 400fac87728c04ef894eed1820932d0d605ed6d1

COCOAPODS: 1.2.1
