PODS:
  - CodeQuickKit (4.0.0):
    - CodeQuickKit/iOS (= 4.0.0)
  - CodeQuickKit/Foundation (4.0.0)
  - CodeQuickKit/iOS (4.0.0):
    - CodeQuickKit/Foundation

DEPENDENCIES:
  - CodeQuickKit (~> 4.0)

SPEC CHECKSUMS:
  CodeQuickKit: 16475ac7d0a3aeae7d38790209805a7c840a7445

PODFILE CHECKSUM: 3e40e16fb274f776a3acc012a21f037f2a5f583d

COCOAPODS: 1.1.0.rc.2
