// !$*UTF8*$!
{
	archiveVersion = 1;
	classes = {
	};
	objectVersion = 46;
	objects = {

/* Begin PBXBuildFile section */
		0164414CA64501C6F71102CF /* Pods_XCServerAPI.framework in Frameworks */ = {isa = PBXBuildFile; fileRef = 2FB6F550AA2780D2129BCABA /* Pods_XCServerAPI.framework */; };
		2CAA4B297B94CA4ED5C2CC6B /* Pods_XCServerAPITests.framework in Frameworks */ = {isa = PBXBuildFile; fileRef = 3F41A62328F1F9FD45C1DD92 /* Pods_XCServerAPITests.framework */; };
		E108CFD01EFFF59F00BB7978 /* Group.swift in Sources */ = {isa = PBXBuildFile; fileRef = E108CFCF1EFFF59F00BB7978 /* Group.swift */; };
		E108CFD81F012FE000BB7978 /* ProxiedDevice.swift in Sources */ = {isa = PBXBuildFile; fileRef = E108CFD71F012FE000BB7978 /* ProxiedDevice.swift */; };
		E10A7FC21F17AB1600080A44 /* SuspectStrategy.swift in Sources */ = {isa = PBXBuildFile; fileRef = E10A7FC11F17AB1600080A44 /* SuspectStrategy.swift */; };
		E10CC6591EFFDC7700FE4A3F /* ProvisioningConfiguration.swift in Sources */ = {isa = PBXBuildFile; fileRef = E10CC6581EFFDC7700FE4A3F /* ProvisioningConfiguration.swift */; };
		E10CC65D1EFFE24600FE4A3F /* BuildArgument.swift in Sources */ = {isa = PBXBuildFile; fileRef = E10CC65C1EFFE24600FE4A3F /* BuildArgument.swift */; };
		E10CC65F1EFFE27A00FE4A3F /* TestLocalization.swift in Sources */ = {isa = PBXBuildFile; fileRef = E10CC65E1EFFE27A00FE4A3F /* TestLocalization.swift */; };
		E10CC6611EFFE47200FE4A3F /* CodeCoveragePreference.swift in Sources */ = {isa = PBXBuildFile; fileRef = E10CC6601EFFE47200FE4A3F /* CodeCoveragePreference.swift */; };
		E10CC6631EFFE51100FE4A3F /* CleanSchedule.swift in Sources */ = {isa = PBXBuildFile; fileRef = E10CC6621EFFE51100FE4A3F /* CleanSchedule.swift */; };
		E12209AB1F0FC19E004403B1 /* XCServerWebAPI+Integrations.swift in Sources */ = {isa = PBXBuildFile; fileRef = E12209AA1F0FC19E004403B1 /* XCServerWebAPI+Integrations.swift */; };
		E12209AD1F0FC1F7004403B1 /* XCServerWebAPI+Bots.swift in Sources */ = {isa = PBXBuildFile; fileRef = E12209AC1F0FC1F7004403B1 /* XCServerWebAPI+Bots.swift */; };
		E1358CF21F748CB400785ED6 /* VersionResponse.json in Resources */ = {isa = PBXBuildFile; fileRef = E1358CD61F748CB400785ED6 /* VersionResponse.json */; };
		E1358CF31F748CB400785ED6 /* TestHierarchyTests.swift in Sources */ = {isa = PBXBuildFile; fileRef = E1358CD71F748CB400785ED6 /* TestHierarchyTests.swift */; };
		E1358CF41F748CB400785ED6 /* CommitTests.swift in Sources */ = {isa = PBXBuildFile; fileRef = E1358CD81F748CB400785ED6 /* CommitTests.swift */; };
		E1358CF51F748CB400785ED6 /* ConfigurationTests.swift in Sources */ = {isa = PBXBuildFile; fileRef = E1358CD91F748CB400785ED6 /* ConfigurationTests.swift */; };
		E1358CF61F748CB400785ED6 /* MockAPITests.swift in Sources */ = {isa = PBXBuildFile; fileRef = E1358CDA1F748CB400785ED6 /* MockAPITests.swift */; };
		E1358CF71F748CB400785ED6 /* TriggersTests.swift in Sources */ = {isa = PBXBuildFile; fileRef = E1358CDB1F748CB400785ED6 /* TriggersTests.swift */; };
		E1358CF81F748CB400785ED6 /* CodeCoverageTests.swift in Sources */ = {isa = PBXBuildFile; fileRef = E1358CDC1F748CB400785ED6 /* CodeCoverageTests.swift */; };
		E1358CF91F748CB400785ED6 /* StatsResponse.json in Resources */ = {isa = PBXBuildFile; fileRef = E1358CDD1F748CB400785ED6 /* StatsResponse.json */; };
		E1358CFA1F748CB400785ED6 /* AssetsTests.swift in Sources */ = {isa = PBXBuildFile; fileRef = E1358CDE1F748CB400785ED6 /* AssetsTests.swift */; };
		E1358CFB1F748CB400785ED6 /* CommitsResponse.json in Resources */ = {isa = PBXBuildFile; fileRef = E1358CDF1F748CB400785ED6 /* CommitsResponse.json */; };
		E1358CFC1F748CB400785ED6 /* DeviceTests.swift in Sources */ = {isa = PBXBuildFile; fileRef = E1358CE01F748CB400785ED6 /* DeviceTests.swift */; };
		E1358CFD1F748CB400785ED6 /* BotResponse.json in Resources */ = {isa = PBXBuildFile; fileRef = E1358CE11F748CB400785ED6 /* BotResponse.json */; };
		E1358CFE1F748CB400785ED6 /* DecodableTests.swift in Sources */ = {isa = PBXBuildFile; fileRef = E1358CE21F748CB400785ED6 /* DecodableTests.swift */; };
		E1358CFF1F748CB400785ED6 /* IntegrationResponse.json in Resources */ = {isa = PBXBuildFile; fileRef = E1358CE31F748CB400785ED6 /* IntegrationResponse.json */; };
		E1358D001F748CB400785ED6 /* IntegrationTests.swift in Sources */ = {isa = PBXBuildFile; fileRef = E1358CE41F748CB400785ED6 /* IntegrationTests.swift */; };
		E1358D011F748CB400785ED6 /* IntegrationsRequest.json in Resources */ = {isa = PBXBuildFile; fileRef = E1358CE51F748CB400785ED6 /* IntegrationsRequest.json */; };
		E1358D021F748CB400785ED6 /* BotTests.swift in Sources */ = {isa = PBXBuildFile; fileRef = E1358CE61F748CB400785ED6 /* BotTests.swift */; };
		E1358D031F748CB400785ED6 /* IssuesResponse.json in Resources */ = {isa = PBXBuildFile; fileRef = E1358CE71F748CB400785ED6 /* IssuesResponse.json */; };
		E1358D041F748CB400785ED6 /* IssueTests.swift in Sources */ = {isa = PBXBuildFile; fileRef = E1358CE81F748CB400785ED6 /* IssueTests.swift */; };
		E1358D051F748CB400785ED6 /* DeviceSpecificationTests.swift in Sources */ = {isa = PBXBuildFile; fileRef = E1358CE91F748CB400785ED6 /* DeviceSpecificationTests.swift */; };
		E1358D061F748CB400785ED6 /* StatsTests.swift in Sources */ = {isa = PBXBuildFile; fileRef = E1358CEA1F748CB400785ED6 /* StatsTests.swift */; };
		E1358D071F748CB400785ED6 /* BotsResponse.json in Resources */ = {isa = PBXBuildFile; fileRef = E1358CEB1F748CB400785ED6 /* BotsResponse.json */; };
		E1358D081F748CB400785ED6 /* MockAPI.swift in Sources */ = {isa = PBXBuildFile; fileRef = E1358CEC1F748CB400785ED6 /* MockAPI.swift */; };
		E1358D091F748CB400785ED6 /* CoverageResponse.json in Resources */ = {isa = PBXBuildFile; fileRef = E1358CED1F748CB400785ED6 /* CoverageResponse.json */; };
		E1358D0A1F748CB400785ED6 /* InvalidMockAPI.swift in Sources */ = {isa = PBXBuildFile; fileRef = E1358CEE1F748CB400785ED6 /* InvalidMockAPI.swift */; };
		E1358D0B1F748CB400785ED6 /* ProvisioningConfigurationTests.swift in Sources */ = {isa = PBXBuildFile; fileRef = E1358CEF1F748CB400785ED6 /* ProvisioningConfigurationTests.swift */; };
		E1358D0C1F748CB400785ED6 /* RepositoryBlueprintTests.swift in Sources */ = {isa = PBXBuildFile; fileRef = E1358CF01F748CB400785ED6 /* RepositoryBlueprintTests.swift */; };
		E1358D0D1F748CB400785ED6 /* IntegrationsResponse.json in Resources */ = {isa = PBXBuildFile; fileRef = E1358CF11F748CB400785ED6 /* IntegrationsResponse.json */; };
		E14878401F0813C4008C5788 /* XCServerWebAPI+Issues.swift in Sources */ = {isa = PBXBuildFile; fileRef = E148783F1F0813C4008C5788 /* XCServerWebAPI+Issues.swift */; };
		E14878421F08169A008C5788 /* XCServerWebAPI+Commits.swift in Sources */ = {isa = PBXBuildFile; fileRef = E14878411F08169A008C5788 /* XCServerWebAPI+Commits.swift */; };
		E149CBAA1D2ABC8E00E2E688 /* XCServerAPI.h in Headers */ = {isa = PBXBuildFile; fileRef = E149CBA91D2ABC8E00E2E688 /* XCServerAPI.h */; settings = {ATTRIBUTES = (Public, ); }; };
		E149CBB11D2ABC8E00E2E688 /* XCServerAPI.framework in Frameworks */ = {isa = PBXBuildFile; fileRef = E149CBA71D2ABC8E00E2E688 /* XCServerAPI.framework */; };
		E149CBDF1D2ABDD700E2E688 /* IntegrationAsset.swift in Sources */ = {isa = PBXBuildFile; fileRef = E149CBC01D2ABDD700E2E688 /* IntegrationAsset.swift */; };
		E149CBE01D2ABDD700E2E688 /* AuthenticationStrategy.swift in Sources */ = {isa = PBXBuildFile; fileRef = E149CBC11D2ABDD700E2E688 /* AuthenticationStrategy.swift */; };
		E149CBE21D2ABDD700E2E688 /* BlueprintLocation.swift in Sources */ = {isa = PBXBuildFile; fileRef = E149CBC31D2ABDD700E2E688 /* BlueprintLocation.swift */; };
		E149CBE31D2ABDD700E2E688 /* BotDocument.swift in Sources */ = {isa = PBXBuildFile; fileRef = E149CBC41D2ABDD700E2E688 /* BotDocument.swift */; };
		E149CBE41D2ABDD700E2E688 /* BuildResultSummary.swift in Sources */ = {isa = PBXBuildFile; fileRef = E149CBC51D2ABDD700E2E688 /* BuildResultSummary.swift */; };
		E149CBE51D2ABDD700E2E688 /* CommitChangeFilePath.swift in Sources */ = {isa = PBXBuildFile; fileRef = E149CBC61D2ABDD700E2E688 /* CommitChangeFilePath.swift */; };
		E149CBE61D2ABDD700E2E688 /* CommitContributor.swift in Sources */ = {isa = PBXBuildFile; fileRef = E149CBC71D2ABDD700E2E688 /* CommitContributor.swift */; };
		E149CBE71D2ABDD700E2E688 /* Commit.swift in Sources */ = {isa = PBXBuildFile; fileRef = E149CBC81D2ABDD700E2E688 /* Commit.swift */; };
		E149CBE81D2ABDD700E2E688 /* Conditions.swift in Sources */ = {isa = PBXBuildFile; fileRef = E149CBC91D2ABDD700E2E688 /* Conditions.swift */; };
		E149CBE91D2ABDD700E2E688 /* Configuration.swift in Sources */ = {isa = PBXBuildFile; fileRef = E149CBCA1D2ABDD700E2E688 /* Configuration.swift */; };
		E149CBEA1D2ABDD700E2E688 /* DeviceDocument.swift in Sources */ = {isa = PBXBuildFile; fileRef = E149CBCB1D2ABDD700E2E688 /* DeviceDocument.swift */; };
		E149CBEB1D2ABDD700E2E688 /* DeviceSpecification.swift in Sources */ = {isa = PBXBuildFile; fileRef = E149CBCC1D2ABDD700E2E688 /* DeviceSpecification.swift */; };
		E149CBEC1D2ABDD700E2E688 /* EmailConfiguration.swift in Sources */ = {isa = PBXBuildFile; fileRef = E149CBCD1D2ABDD700E2E688 /* EmailConfiguration.swift */; };
		E149CBED1D2ABDD700E2E688 /* Filter.swift in Sources */ = {isa = PBXBuildFile; fileRef = E149CBCE1D2ABDD700E2E688 /* Filter.swift */; };
		E149CBEE1D2ABDD700E2E688 /* Assets.swift in Sources */ = {isa = PBXBuildFile; fileRef = E149CBCF1D2ABDD700E2E688 /* Assets.swift */; };
		E149CBEF1D2ABDD700E2E688 /* CommitDocument.swift in Sources */ = {isa = PBXBuildFile; fileRef = E149CBD01D2ABDD700E2E688 /* CommitDocument.swift */; };
		E149CBF11D2ABDD700E2E688 /* IntegrationDocument.swift in Sources */ = {isa = PBXBuildFile; fileRef = E149CBD21D2ABDD700E2E688 /* IntegrationDocument.swift */; };
		E149CBF21D2ABDD700E2E688 /* Issue.swift in Sources */ = {isa = PBXBuildFile; fileRef = E149CBD31D2ABDD700E2E688 /* Issue.swift */; };
		E149CBF41D2ABDD700E2E688 /* Platform.swift in Sources */ = {isa = PBXBuildFile; fileRef = E149CBD51D2ABDD700E2E688 /* Platform.swift */; };
		E149CBF51D2ABDD700E2E688 /* RemoteRepository.swift in Sources */ = {isa = PBXBuildFile; fileRef = E149CBD61D2ABDD700E2E688 /* RemoteRepository.swift */; };
		E149CBF61D2ABDD700E2E688 /* RepositoryLocation.swift in Sources */ = {isa = PBXBuildFile; fileRef = E149CBD71D2ABDD700E2E688 /* RepositoryLocation.swift */; };
		E149CBF81D2ABDD700E2E688 /* StatsSummary.swift in Sources */ = {isa = PBXBuildFile; fileRef = E149CBD91D2ABDD700E2E688 /* StatsSummary.swift */; };
		E149CBF91D2ABDD700E2E688 /* Stats.swift in Sources */ = {isa = PBXBuildFile; fileRef = E149CBDA1D2ABDD700E2E688 /* Stats.swift */; };
		E149CBFA1D2ABDD700E2E688 /* Trigger.swift in Sources */ = {isa = PBXBuildFile; fileRef = E149CBDB1D2ABDD700E2E688 /* Trigger.swift */; };
		E149CBFB1D2ABDD700E2E688 /* VersionDocument.swift in Sources */ = {isa = PBXBuildFile; fileRef = E149CBDC1D2ABDD700E2E688 /* VersionDocument.swift */; };
		E149CBFC1D2ABDD700E2E688 /* XCServerWebAPI.swift in Sources */ = {isa = PBXBuildFile; fileRef = E149CBDD1D2ABDD700E2E688 /* XCServerWebAPI.swift */; };
		E15166FD1F2A812C001CF4D6 /* CoverageResult.swift in Sources */ = {isa = PBXBuildFile; fileRef = E15166FC1F2A812C001CF4D6 /* CoverageResult.swift */; };
		E15166FF1F2A8249001CF4D6 /* CoverageMethod.swift in Sources */ = {isa = PBXBuildFile; fileRef = E15166FE1F2A8249001CF4D6 /* CoverageMethod.swift */; };
		E15167011F2A8309001CF4D6 /* CoverageFile.swift in Sources */ = {isa = PBXBuildFile; fileRef = E15167001F2A8309001CF4D6 /* CoverageFile.swift */; };
		E15167031F2A83C5001CF4D6 /* CoverageTarget.swift in Sources */ = {isa = PBXBuildFile; fileRef = E15167021F2A83C5001CF4D6 /* CoverageTarget.swift */; };
		E15167051F2A854E001CF4D6 /* CoverageHierarchy.swift in Sources */ = {isa = PBXBuildFile; fileRef = E15167041F2A854E001CF4D6 /* CoverageHierarchy.swift */; };
		E15167071F2A8777001CF4D6 /* XCServerWebAPI+Coverage.swift in Sources */ = {isa = PBXBuildFile; fileRef = E15167061F2A8777001CF4D6 /* XCServerWebAPI+Coverage.swift */; };
		E151F2171D99BE5600157040 /* IssueAuthor.swift in Sources */ = {isa = PBXBuildFile; fileRef = E151F2161D99BE5600157040 /* IssueAuthor.swift */; };
		E176DFD31F0280B1005CE042 /* IntegrationSnippet.swift in Sources */ = {isa = PBXBuildFile; fileRef = E176DFD21F0280B1005CE042 /* IntegrationSnippet.swift */; };
		E176DFD51F0283D1005CE042 /* XCServerJSONDecoder.swift in Sources */ = {isa = PBXBuildFile; fileRef = E176DFD41F0283D1005CE042 /* XCServerJSONDecoder.swift */; };
		E176DFD71F02851F005CE042 /* Decodable+XCServerAPI.swift in Sources */ = {isa = PBXBuildFile; fileRef = E176DFD61F02851F005CE042 /* Decodable+XCServerAPI.swift */; };
		E176DFDB1F029E4D005CE042 /* IssueGroup.swift in Sources */ = {isa = PBXBuildFile; fileRef = E176DFDA1F029E4D005CE042 /* IssueGroup.swift */; };
		E190EBCD1EFEB91C004F0920 /* BotSchedule.swift in Sources */ = {isa = PBXBuildFile; fileRef = E190EBCC1EFEB91C004F0920 /* BotSchedule.swift */; };
		E190EBCF1EFEB981004F0920 /* PeriodicScheduleInterval.swift in Sources */ = {isa = PBXBuildFile; fileRef = E190EBCE1EFEB981004F0920 /* PeriodicScheduleInterval.swift */; };
		E190EBD11EFEBA23004F0920 /* IssueStatus.swift in Sources */ = {isa = PBXBuildFile; fileRef = E190EBD01EFEBA23004F0920 /* IssueStatus.swift */; };
		E190EBD31EFEBADD004F0920 /* IntegrationStep.swift in Sources */ = {isa = PBXBuildFile; fileRef = E190EBD21EFEBADD004F0920 /* IntegrationStep.swift */; };
		E190EBD51EFEBBB0004F0920 /* IntegrationResult.swift in Sources */ = {isa = PBXBuildFile; fileRef = E190EBD41EFEBBB0004F0920 /* IntegrationResult.swift */; };
		E190EBD71EFEBC8C004F0920 /* TriggerType.swift in Sources */ = {isa = PBXBuildFile; fileRef = E190EBD61EFEBC8C004F0920 /* TriggerType.swift */; };
		E190EBD91EFEBCC1004F0920 /* TriggerPhase.swift in Sources */ = {isa = PBXBuildFile; fileRef = E190EBD81EFEBCC1004F0920 /* TriggerPhase.swift */; };
		E190EBDB1EFEBD23004F0920 /* EmailType.swift in Sources */ = {isa = PBXBuildFile; fileRef = E190EBDA1EFEBD23004F0920 /* EmailType.swift */; };
		E190EBDD1EFEBD81004F0920 /* ReportSchedule.swift in Sources */ = {isa = PBXBuildFile; fileRef = E190EBDC1EFEBD81004F0920 /* ReportSchedule.swift */; };
		E190EBE01EFEC056004F0920 /* RepositoryBlueprint.swift in Sources */ = {isa = PBXBuildFile; fileRef = E190EBDF1EFEC056004F0920 /* RepositoryBlueprint.swift */; };
		E19AE3821F75810A0040CE07 /* BZipCompression.m in Sources */ = {isa = PBXBuildFile; fileRef = E14163641F7532E200651654 /* BZipCompression.m */; };
		E19AE3831F7581140040CE07 /* BZipCompression.h in Headers */ = {isa = PBXBuildFile; fileRef = E14163661F7532E200651654 /* BZipCompression.h */; settings = {ATTRIBUTES = (Public, ); }; };
		E19AE3861F75834B0040CE07 /* libbz2.tbd in Frameworks */ = {isa = PBXBuildFile; fileRef = E19AE3851F75834B0040CE07 /* libbz2.tbd */; };
		E1AEB59F1F013E7B0019B6E2 /* TestHierarchy.swift in Sources */ = {isa = PBXBuildFile; fileRef = E1AEB59E1F013E7B0019B6E2 /* TestHierarchy.swift */; };
/* End PBXBuildFile section */

/* Begin PBXContainerItemProxy section */
		E149CBB21D2ABC8E00E2E688 /* PBXContainerItemProxy */ = {
			isa = PBXContainerItemProxy;
			containerPortal = E149CB8E1D2ABC7600E2E688 /* Project object */;
			proxyType = 1;
			remoteGlobalIDString = E149CBA61D2ABC8E00E2E688;
			remoteInfo = XCServerAPI;
		};
/* End PBXContainerItemProxy section */

/* Begin PBXFileReference section */
		0E509A0725BBA3CD2DCEF6C3 /* Pods-XCServerAPI.release.xcconfig */ = {isa = PBXFileReference; includeInIndex = 1; lastKnownFileType = text.xcconfig; name = "Pods-XCServerAPI.release.xcconfig"; path = "Pods/Target Support Files/Pods-XCServerAPI/Pods-XCServerAPI.release.xcconfig"; sourceTree = "<group>"; };
		2FB6F550AA2780D2129BCABA /* Pods_XCServerAPI.framework */ = {isa = PBXFileReference; explicitFileType = wrapper.framework; includeInIndex = 0; path = Pods_XCServerAPI.framework; sourceTree = BUILT_PRODUCTS_DIR; };
		3F41A62328F1F9FD45C1DD92 /* Pods_XCServerAPITests.framework */ = {isa = PBXFileReference; explicitFileType = wrapper.framework; includeInIndex = 0; path = Pods_XCServerAPITests.framework; sourceTree = BUILT_PRODUCTS_DIR; };
		7168F2F8281D069E3847D606 /* Pods-XCServerAPITests.debug.xcconfig */ = {isa = PBXFileReference; includeInIndex = 1; lastKnownFileType = text.xcconfig; name = "Pods-XCServerAPITests.debug.xcconfig"; path = "Pods/Target Support Files/Pods-XCServerAPITests/Pods-XCServerAPITests.debug.xcconfig"; sourceTree = "<group>"; };
		DFC97C85D34636CE86B14D89 /* Pods-XCServerAPI.debug.xcconfig */ = {isa = PBXFileReference; includeInIndex = 1; lastKnownFileType = text.xcconfig; name = "Pods-XCServerAPI.debug.xcconfig"; path = "Pods/Target Support Files/Pods-XCServerAPI/Pods-XCServerAPI.debug.xcconfig"; sourceTree = "<group>"; };
		E108CFCF1EFFF59F00BB7978 /* Group.swift */ = {isa = PBXFileReference; lastKnownFileType = sourcecode.swift; path = Group.swift; sourceTree = "<group>"; };
		E108CFD71F012FE000BB7978 /* ProxiedDevice.swift */ = {isa = PBXFileReference; lastKnownFileType = sourcecode.swift; path = ProxiedDevice.swift; sourceTree = "<group>"; };
		E10A7FC11F17AB1600080A44 /* SuspectStrategy.swift */ = {isa = PBXFileReference; lastKnownFileType = sourcecode.swift; path = SuspectStrategy.swift; sourceTree = "<group>"; };
		E10CC6581EFFDC7700FE4A3F /* ProvisioningConfiguration.swift */ = {isa = PBXFileReference; lastKnownFileType = sourcecode.swift; path = ProvisioningConfiguration.swift; sourceTree = "<group>"; };
		E10CC65C1EFFE24600FE4A3F /* BuildArgument.swift */ = {isa = PBXFileReference; lastKnownFileType = sourcecode.swift; path = BuildArgument.swift; sourceTree = "<group>"; };
		E10CC65E1EFFE27A00FE4A3F /* TestLocalization.swift */ = {isa = PBXFileReference; lastKnownFileType = sourcecode.swift; path = TestLocalization.swift; sourceTree = "<group>"; };
		E10CC6601EFFE47200FE4A3F /* CodeCoveragePreference.swift */ = {isa = PBXFileReference; lastKnownFileType = sourcecode.swift; path = CodeCoveragePreference.swift; sourceTree = "<group>"; };
		E10CC6621EFFE51100FE4A3F /* CleanSchedule.swift */ = {isa = PBXFileReference; lastKnownFileType = sourcecode.swift; path = CleanSchedule.swift; sourceTree = "<group>"; };
		E12209AA1F0FC19E004403B1 /* XCServerWebAPI+Integrations.swift */ = {isa = PBXFileReference; lastKnownFileType = sourcecode.swift; path = "XCServerWebAPI+Integrations.swift"; sourceTree = "<group>"; };
		E12209AC1F0FC1F7004403B1 /* XCServerWebAPI+Bots.swift */ = {isa = PBXFileReference; lastKnownFileType = sourcecode.swift; path = "XCServerWebAPI+Bots.swift"; sourceTree = "<group>"; };
		E1358CD41F748BEC00785ED6 /* Package.swift */ = {isa = PBXFileReference; fileEncoding = 4; lastKnownFileType = sourcecode.swift; path = Package.swift; sourceTree = "<group>"; };
		E1358CD61F748CB400785ED6 /* VersionResponse.json */ = {isa = PBXFileReference; fileEncoding = 4; lastKnownFileType = text.json; name = VersionResponse.json; path = Tests/VersionResponse.json; sourceTree = SOURCE_ROOT; };
		E1358CD71F748CB400785ED6 /* TestHierarchyTests.swift */ = {isa = PBXFileReference; fileEncoding = 4; lastKnownFileType = sourcecode.swift; name = TestHierarchyTests.swift; path = Tests/TestHierarchyTests.swift; sourceTree = SOURCE_ROOT; };
		E1358CD81F748CB400785ED6 /* CommitTests.swift */ = {isa = PBXFileReference; fileEncoding = 4; lastKnownFileType = sourcecode.swift; name = CommitTests.swift; path = Tests/CommitTests.swift; sourceTree = SOURCE_ROOT; };
		E1358CD91F748CB400785ED6 /* ConfigurationTests.swift */ = {isa = PBXFileReference; fileEncoding = 4; lastKnownFileType = sourcecode.swift; name = ConfigurationTests.swift; path = Tests/ConfigurationTests.swift; sourceTree = SOURCE_ROOT; };
		E1358CDA1F748CB400785ED6 /* MockAPITests.swift */ = {isa = PBXFileReference; fileEncoding = 4; lastKnownFileType = sourcecode.swift; name = MockAPITests.swift; path = Tests/MockAPITests.swift; sourceTree = SOURCE_ROOT; };
		E1358CDB1F748CB400785ED6 /* TriggersTests.swift */ = {isa = PBXFileReference; fileEncoding = 4; lastKnownFileType = sourcecode.swift; name = TriggersTests.swift; path = Tests/TriggersTests.swift; sourceTree = SOURCE_ROOT; };
		E1358CDC1F748CB400785ED6 /* CodeCoverageTests.swift */ = {isa = PBXFileReference; fileEncoding = 4; lastKnownFileType = sourcecode.swift; name = CodeCoverageTests.swift; path = Tests/CodeCoverageTests.swift; sourceTree = SOURCE_ROOT; };
		E1358CDD1F748CB400785ED6 /* StatsResponse.json */ = {isa = PBXFileReference; fileEncoding = 4; lastKnownFileType = text.json; name = StatsResponse.json; path = Tests/StatsResponse.json; sourceTree = SOURCE_ROOT; };
		E1358CDE1F748CB400785ED6 /* AssetsTests.swift */ = {isa = PBXFileReference; fileEncoding = 4; lastKnownFileType = sourcecode.swift; name = AssetsTests.swift; path = Tests/AssetsTests.swift; sourceTree = SOURCE_ROOT; };
		E1358CDF1F748CB400785ED6 /* CommitsResponse.json */ = {isa = PBXFileReference; fileEncoding = 4; lastKnownFileType = text.json; name = CommitsResponse.json; path = Tests/CommitsResponse.json; sourceTree = SOURCE_ROOT; };
		E1358CE01F748CB400785ED6 /* DeviceTests.swift */ = {isa = PBXFileReference; fileEncoding = 4; lastKnownFileType = sourcecode.swift; name = DeviceTests.swift; path = Tests/DeviceTests.swift; sourceTree = SOURCE_ROOT; };
		E1358CE11F748CB400785ED6 /* BotResponse.json */ = {isa = PBXFileReference; fileEncoding = 4; lastKnownFileType = text.json; name = BotResponse.json; path = Tests/BotResponse.json; sourceTree = SOURCE_ROOT; };
		E1358CE21F748CB400785ED6 /* DecodableTests.swift */ = {isa = PBXFileReference; fileEncoding = 4; lastKnownFileType = sourcecode.swift; name = DecodableTests.swift; path = Tests/DecodableTests.swift; sourceTree = SOURCE_ROOT; };
		E1358CE31F748CB400785ED6 /* IntegrationResponse.json */ = {isa = PBXFileReference; fileEncoding = 4; lastKnownFileType = text.json; name = IntegrationResponse.json; path = Tests/IntegrationResponse.json; sourceTree = SOURCE_ROOT; };
		E1358CE41F748CB400785ED6 /* IntegrationTests.swift */ = {isa = PBXFileReference; fileEncoding = 4; lastKnownFileType = sourcecode.swift; name = IntegrationTests.swift; path = Tests/IntegrationTests.swift; sourceTree = SOURCE_ROOT; };
		E1358CE51F748CB400785ED6 /* IntegrationsRequest.json */ = {isa = PBXFileReference; fileEncoding = 4; lastKnownFileType = text.json; name = IntegrationsRequest.json; path = Tests/IntegrationsRequest.json; sourceTree = SOURCE_ROOT; };
		E1358CE61F748CB400785ED6 /* BotTests.swift */ = {isa = PBXFileReference; fileEncoding = 4; lastKnownFileType = sourcecode.swift; name = BotTests.swift; path = Tests/BotTests.swift; sourceTree = SOURCE_ROOT; };
		E1358CE71F748CB400785ED6 /* IssuesResponse.json */ = {isa = PBXFileReference; fileEncoding = 4; lastKnownFileType = text.json; name = IssuesResponse.json; path = Tests/IssuesResponse.json; sourceTree = SOURCE_ROOT; };
		E1358CE81F748CB400785ED6 /* IssueTests.swift */ = {isa = PBXFileReference; fileEncoding = 4; lastKnownFileType = sourcecode.swift; name = IssueTests.swift; path = Tests/IssueTests.swift; sourceTree = SOURCE_ROOT; };
		E1358CE91F748CB400785ED6 /* DeviceSpecificationTests.swift */ = {isa = PBXFileReference; fileEncoding = 4; lastKnownFileType = sourcecode.swift; name = DeviceSpecificationTests.swift; path = Tests/DeviceSpecificationTests.swift; sourceTree = SOURCE_ROOT; };
		E1358CEA1F748CB400785ED6 /* StatsTests.swift */ = {isa = PBXFileReference; fileEncoding = 4; lastKnownFileType = sourcecode.swift; name = StatsTests.swift; path = Tests/StatsTests.swift; sourceTree = SOURCE_ROOT; };
		E1358CEB1F748CB400785ED6 /* BotsResponse.json */ = {isa = PBXFileReference; fileEncoding = 4; lastKnownFileType = text.json; name = BotsResponse.json; path = Tests/BotsResponse.json; sourceTree = SOURCE_ROOT; };
		E1358CEC1F748CB400785ED6 /* MockAPI.swift */ = {isa = PBXFileReference; fileEncoding = 4; lastKnownFileType = sourcecode.swift; name = MockAPI.swift; path = Tests/MockAPI.swift; sourceTree = SOURCE_ROOT; };
		E1358CED1F748CB400785ED6 /* CoverageResponse.json */ = {isa = PBXFileReference; fileEncoding = 4; lastKnownFileType = text.json; name = CoverageResponse.json; path = Tests/CoverageResponse.json; sourceTree = SOURCE_ROOT; };
		E1358CEE1F748CB400785ED6 /* InvalidMockAPI.swift */ = {isa = PBXFileReference; fileEncoding = 4; lastKnownFileType = sourcecode.swift; name = InvalidMockAPI.swift; path = Tests/InvalidMockAPI.swift; sourceTree = SOURCE_ROOT; };
		E1358CEF1F748CB400785ED6 /* ProvisioningConfigurationTests.swift */ = {isa = PBXFileReference; fileEncoding = 4; lastKnownFileType = sourcecode.swift; name = ProvisioningConfigurationTests.swift; path = Tests/ProvisioningConfigurationTests.swift; sourceTree = SOURCE_ROOT; };
		E1358CF01F748CB400785ED6 /* RepositoryBlueprintTests.swift */ = {isa = PBXFileReference; fileEncoding = 4; lastKnownFileType = sourcecode.swift; name = RepositoryBlueprintTests.swift; path = Tests/RepositoryBlueprintTests.swift; sourceTree = SOURCE_ROOT; };
		E1358CF11F748CB400785ED6 /* IntegrationsResponse.json */ = {isa = PBXFileReference; fileEncoding = 4; lastKnownFileType = text.json; name = IntegrationsResponse.json; path = Tests/IntegrationsResponse.json; sourceTree = SOURCE_ROOT; };
		E14163641F7532E200651654 /* BZipCompression.m */ = {isa = PBXFileReference; fileEncoding = 4; lastKnownFileType = sourcecode.c.objc; path = BZipCompression.m; sourceTree = "<group>"; };
		E14163661F7532E200651654 /* BZipCompression.h */ = {isa = PBXFileReference; fileEncoding = 4; lastKnownFileType = sourcecode.c.h; path = BZipCompression.h; sourceTree = "<group>"; };
		E148783F1F0813C4008C5788 /* XCServerWebAPI+Issues.swift */ = {isa = PBXFileReference; lastKnownFileType = sourcecode.swift; path = "XCServerWebAPI+Issues.swift"; sourceTree = "<group>"; };
		E14878411F08169A008C5788 /* XCServerWebAPI+Commits.swift */ = {isa = PBXFileReference; lastKnownFileType = sourcecode.swift; path = "XCServerWebAPI+Commits.swift"; sourceTree = "<group>"; };
		E149CBA71D2ABC8E00E2E688 /* XCServerAPI.framework */ = {isa = PBXFileReference; explicitFileType = wrapper.framework; includeInIndex = 0; path = XCServerAPI.framework; sourceTree = BUILT_PRODUCTS_DIR; };
		E149CBA91D2ABC8E00E2E688 /* XCServerAPI.h */ = {isa = PBXFileReference; lastKnownFileType = sourcecode.c.h; path = XCServerAPI.h; sourceTree = "<group>"; };
		E149CBAB1D2ABC8E00E2E688 /* Info.plist */ = {isa = PBXFileReference; lastKnownFileType = text.plist.xml; path = Info.plist; sourceTree = "<group>"; };
		E149CBB01D2ABC8E00E2E688 /* XCServerAPITests.xctest */ = {isa = PBXFileReference; explicitFileType = wrapper.cfbundle; includeInIndex = 0; path = XCServerAPITests.xctest; sourceTree = BUILT_PRODUCTS_DIR; };
		E149CBB71D2ABC8E00E2E688 /* Info.plist */ = {isa = PBXFileReference; lastKnownFileType = text.plist.xml; path = Info.plist; sourceTree = "<group>"; };
		E149CBC01D2ABDD700E2E688 /* IntegrationAsset.swift */ = {isa = PBXFileReference; fileEncoding = 4; lastKnownFileType = sourcecode.swift; path = IntegrationAsset.swift; sourceTree = "<group>"; };
		E149CBC11D2ABDD700E2E688 /* AuthenticationStrategy.swift */ = {isa = PBXFileReference; fileEncoding = 4; lastKnownFileType = sourcecode.swift; path = AuthenticationStrategy.swift; sourceTree = "<group>"; };
		E149CBC31D2ABDD700E2E688 /* BlueprintLocation.swift */ = {isa = PBXFileReference; fileEncoding = 4; lastKnownFileType = sourcecode.swift; path = BlueprintLocation.swift; sourceTree = "<group>"; };
		E149CBC41D2ABDD700E2E688 /* BotDocument.swift */ = {isa = PBXFileReference; fileEncoding = 4; lastKnownFileType = sourcecode.swift; path = BotDocument.swift; sourceTree = "<group>"; };
		E149CBC51D2ABDD700E2E688 /* BuildResultSummary.swift */ = {isa = PBXFileReference; fileEncoding = 4; lastKnownFileType = sourcecode.swift; path = BuildResultSummary.swift; sourceTree = "<group>"; };
		E149CBC61D2ABDD700E2E688 /* CommitChangeFilePath.swift */ = {isa = PBXFileReference; fileEncoding = 4; lastKnownFileType = sourcecode.swift; path = CommitChangeFilePath.swift; sourceTree = "<group>"; };
		E149CBC71D2ABDD700E2E688 /* CommitContributor.swift */ = {isa = PBXFileReference; fileEncoding = 4; lastKnownFileType = sourcecode.swift; path = CommitContributor.swift; sourceTree = "<group>"; };
		E149CBC81D2ABDD700E2E688 /* Commit.swift */ = {isa = PBXFileReference; fileEncoding = 4; lastKnownFileType = sourcecode.swift; path = Commit.swift; sourceTree = "<group>"; };
		E149CBC91D2ABDD700E2E688 /* Conditions.swift */ = {isa = PBXFileReference; fileEncoding = 4; lastKnownFileType = sourcecode.swift; path = Conditions.swift; sourceTree = "<group>"; };
		E149CBCA1D2ABDD700E2E688 /* Configuration.swift */ = {isa = PBXFileReference; fileEncoding = 4; lastKnownFileType = sourcecode.swift; path = Configuration.swift; sourceTree = "<group>"; };
		E149CBCB1D2ABDD700E2E688 /* DeviceDocument.swift */ = {isa = PBXFileReference; fileEncoding = 4; lastKnownFileType = sourcecode.swift; path = DeviceDocument.swift; sourceTree = "<group>"; };
		E149CBCC1D2ABDD700E2E688 /* DeviceSpecification.swift */ = {isa = PBXFileReference; fileEncoding = 4; lastKnownFileType = sourcecode.swift; path = DeviceSpecification.swift; sourceTree = "<group>"; };
		E149CBCD1D2ABDD700E2E688 /* EmailConfiguration.swift */ = {isa = PBXFileReference; fileEncoding = 4; lastKnownFileType = sourcecode.swift; path = EmailConfiguration.swift; sourceTree = "<group>"; };
		E149CBCE1D2ABDD700E2E688 /* Filter.swift */ = {isa = PBXFileReference; fileEncoding = 4; lastKnownFileType = sourcecode.swift; path = Filter.swift; sourceTree = "<group>"; };
		E149CBCF1D2ABDD700E2E688 /* Assets.swift */ = {isa = PBXFileReference; fileEncoding = 4; lastKnownFileType = sourcecode.swift; path = Assets.swift; sourceTree = "<group>"; };
		E149CBD01D2ABDD700E2E688 /* CommitDocument.swift */ = {isa = PBXFileReference; fileEncoding = 4; lastKnownFileType = sourcecode.swift; path = CommitDocument.swift; sourceTree = "<group>"; };
		E149CBD21D2ABDD700E2E688 /* IntegrationDocument.swift */ = {isa = PBXFileReference; fileEncoding = 4; lastKnownFileType = sourcecode.swift; path = IntegrationDocument.swift; sourceTree = "<group>"; };
		E149CBD31D2ABDD700E2E688 /* Issue.swift */ = {isa = PBXFileReference; fileEncoding = 4; lastKnownFileType = sourcecode.swift; path = Issue.swift; sourceTree = "<group>"; };
		E149CBD51D2ABDD700E2E688 /* Platform.swift */ = {isa = PBXFileReference; fileEncoding = 4; lastKnownFileType = sourcecode.swift; path = Platform.swift; sourceTree = "<group>"; };
		E149CBD61D2ABDD700E2E688 /* RemoteRepository.swift */ = {isa = PBXFileReference; fileEncoding = 4; lastKnownFileType = sourcecode.swift; path = RemoteRepository.swift; sourceTree = "<group>"; };
		E149CBD71D2ABDD700E2E688 /* RepositoryLocation.swift */ = {isa = PBXFileReference; fileEncoding = 4; lastKnownFileType = sourcecode.swift; path = RepositoryLocation.swift; sourceTree = "<group>"; };
		E149CBD91D2ABDD700E2E688 /* StatsSummary.swift */ = {isa = PBXFileReference; fileEncoding = 4; lastKnownFileType = sourcecode.swift; path = StatsSummary.swift; sourceTree = "<group>"; };
		E149CBDA1D2ABDD700E2E688 /* Stats.swift */ = {isa = PBXFileReference; fileEncoding = 4; lastKnownFileType = sourcecode.swift; path = Stats.swift; sourceTree = "<group>"; };
		E149CBDB1D2ABDD700E2E688 /* Trigger.swift */ = {isa = PBXFileReference; fileEncoding = 4; lastKnownFileType = sourcecode.swift; path = Trigger.swift; sourceTree = "<group>"; };
		E149CBDC1D2ABDD700E2E688 /* VersionDocument.swift */ = {isa = PBXFileReference; fileEncoding = 4; lastKnownFileType = sourcecode.swift; path = VersionDocument.swift; sourceTree = "<group>"; };
		E149CBDD1D2ABDD700E2E688 /* XCServerWebAPI.swift */ = {isa = PBXFileReference; fileEncoding = 4; lastKnownFileType = sourcecode.swift; path = XCServerWebAPI.swift; sourceTree = "<group>"; };
		E149CC331D2AC0FB00E2E688 /* Podfile */ = {isa = PBXFileReference; fileEncoding = 4; lastKnownFileType = text; path = Podfile; sourceTree = "<group>"; xcLanguageSpecificationIdentifier = xcode.lang.ruby; };
		E149CC341D2AC0FB00E2E688 /* README.md */ = {isa = PBXFileReference; fileEncoding = 4; lastKnownFileType = net.daringfireball.markdown; path = README.md; sourceTree = "<group>"; };
		E149CC351D2AC0FB00E2E688 /* XCServerAPI.podspec */ = {isa = PBXFileReference; fileEncoding = 4; lastKnownFileType = text; path = XCServerAPI.podspec; sourceTree = "<group>"; };
		E15166FC1F2A812C001CF4D6 /* CoverageResult.swift */ = {isa = PBXFileReference; lastKnownFileType = sourcecode.swift; path = CoverageResult.swift; sourceTree = "<group>"; };
		E15166FE1F2A8249001CF4D6 /* CoverageMethod.swift */ = {isa = PBXFileReference; lastKnownFileType = sourcecode.swift; path = CoverageMethod.swift; sourceTree = "<group>"; };
		E15167001F2A8309001CF4D6 /* CoverageFile.swift */ = {isa = PBXFileReference; lastKnownFileType = sourcecode.swift; path = CoverageFile.swift; sourceTree = "<group>"; };
		E15167021F2A83C5001CF4D6 /* CoverageTarget.swift */ = {isa = PBXFileReference; lastKnownFileType = sourcecode.swift; path = CoverageTarget.swift; sourceTree = "<group>"; };
		E15167041F2A854E001CF4D6 /* CoverageHierarchy.swift */ = {isa = PBXFileReference; lastKnownFileType = sourcecode.swift; path = CoverageHierarchy.swift; sourceTree = "<group>"; };
		E15167061F2A8777001CF4D6 /* XCServerWebAPI+Coverage.swift */ = {isa = PBXFileReference; lastKnownFileType = sourcecode.swift; path = "XCServerWebAPI+Coverage.swift"; sourceTree = "<group>"; };
		E151F2161D99BE5600157040 /* IssueAuthor.swift */ = {isa = PBXFileReference; fileEncoding = 4; lastKnownFileType = sourcecode.swift; path = IssueAuthor.swift; sourceTree = "<group>"; };
		E160CEFCE43769AE99A0D9A8 /* Pods-XCServerAPITests.release.xcconfig */ = {isa = PBXFileReference; includeInIndex = 1; lastKnownFileType = text.xcconfig; name = "Pods-XCServerAPITests.release.xcconfig"; path = "Pods/Target Support Files/Pods-XCServerAPITests/Pods-XCServerAPITests.release.xcconfig"; sourceTree = "<group>"; };
		E176DFD21F0280B1005CE042 /* IntegrationSnippet.swift */ = {isa = PBXFileReference; lastKnownFileType = sourcecode.swift; path = IntegrationSnippet.swift; sourceTree = "<group>"; };
		E176DFD41F0283D1005CE042 /* XCServerJSONDecoder.swift */ = {isa = PBXFileReference; lastKnownFileType = sourcecode.swift; path = XCServerJSONDecoder.swift; sourceTree = "<group>"; };
		E176DFD61F02851F005CE042 /* Decodable+XCServerAPI.swift */ = {isa = PBXFileReference; lastKnownFileType = sourcecode.swift; path = "Decodable+XCServerAPI.swift"; sourceTree = "<group>"; };
		E176DFDA1F029E4D005CE042 /* IssueGroup.swift */ = {isa = PBXFileReference; lastKnownFileType = sourcecode.swift; path = IssueGroup.swift; sourceTree = "<group>"; };
		E190EBCC1EFEB91C004F0920 /* BotSchedule.swift */ = {isa = PBXFileReference; lastKnownFileType = sourcecode.swift; path = BotSchedule.swift; sourceTree = "<group>"; };
		E190EBCE1EFEB981004F0920 /* PeriodicScheduleInterval.swift */ = {isa = PBXFileReference; lastKnownFileType = sourcecode.swift; path = PeriodicScheduleInterval.swift; sourceTree = "<group>"; };
		E190EBD01EFEBA23004F0920 /* IssueStatus.swift */ = {isa = PBXFileReference; lastKnownFileType = sourcecode.swift; path = IssueStatus.swift; sourceTree = "<group>"; };
		E190EBD21EFEBADD004F0920 /* IntegrationStep.swift */ = {isa = PBXFileReference; lastKnownFileType = sourcecode.swift; path = IntegrationStep.swift; sourceTree = "<group>"; };
		E190EBD41EFEBBB0004F0920 /* IntegrationResult.swift */ = {isa = PBXFileReference; lastKnownFileType = sourcecode.swift; path = IntegrationResult.swift; sourceTree = "<group>"; };
		E190EBD61EFEBC8C004F0920 /* TriggerType.swift */ = {isa = PBXFileReference; lastKnownFileType = sourcecode.swift; path = TriggerType.swift; sourceTree = "<group>"; };
		E190EBD81EFEBCC1004F0920 /* TriggerPhase.swift */ = {isa = PBXFileReference; lastKnownFileType = sourcecode.swift; path = TriggerPhase.swift; sourceTree = "<group>"; };
		E190EBDA1EFEBD23004F0920 /* EmailType.swift */ = {isa = PBXFileReference; lastKnownFileType = sourcecode.swift; path = EmailType.swift; sourceTree = "<group>"; };
		E190EBDC1EFEBD81004F0920 /* ReportSchedule.swift */ = {isa = PBXFileReference; lastKnownFileType = sourcecode.swift; path = ReportSchedule.swift; sourceTree = "<group>"; };
		E190EBDE1EFEBF22004F0920 /* XcodeServerAPI.md */ = {isa = PBXFileReference; lastKnownFileType = net.daringfireball.markdown; path = XcodeServerAPI.md; sourceTree = "<group>"; };
		E190EBDF1EFEC056004F0920 /* RepositoryBlueprint.swift */ = {isa = PBXFileReference; lastKnownFileType = sourcecode.swift; path = RepositoryBlueprint.swift; sourceTree = "<group>"; };
		E19AE3851F75834B0040CE07 /* libbz2.tbd */ = {isa = PBXFileReference; lastKnownFileType = "sourcecode.text-based-dylib-definition"; name = libbz2.tbd; path = usr/lib/libbz2.tbd; sourceTree = SDKROOT; };
		E1AEB59E1F013E7B0019B6E2 /* TestHierarchy.swift */ = {isa = PBXFileReference; lastKnownFileType = sourcecode.swift; path = TestHierarchy.swift; sourceTree = "<group>"; };
/* End PBXFileReference section */

/* Begin PBXFrameworksBuildPhase section */
		E149CBA31D2ABC8E00E2E688 /* Frameworks */ = {
			isa = PBXFrameworksBuildPhase;
			buildActionMask = 2147483647;
			files = (
				E19AE3861F75834B0040CE07 /* libbz2.tbd in Frameworks */,
				0164414CA64501C6F71102CF /* Pods_XCServerAPI.framework in Frameworks */,
			);
			runOnlyForDeploymentPostprocessing = 0;
		};
		E149CBAD1D2ABC8E00E2E688 /* Frameworks */ = {
			isa = PBXFrameworksBuildPhase;
			buildActionMask = 2147483647;
			files = (
				E149CBB11D2ABC8E00E2E688 /* XCServerAPI.framework in Frameworks */,
				2CAA4B297B94CA4ED5C2CC6B /* Pods_XCServerAPITests.framework in Frameworks */,
			);
			runOnlyForDeploymentPostprocessing = 0;
		};
/* End PBXFrameworksBuildPhase section */

/* Begin PBXGroup section */
		7D65CC060CD5C3738BF0ED29 /* Pods */ = {
			isa = PBXGroup;
			children = (
				DFC97C85D34636CE86B14D89 /* Pods-XCServerAPI.debug.xcconfig */,
				0E509A0725BBA3CD2DCEF6C3 /* Pods-XCServerAPI.release.xcconfig */,
				7168F2F8281D069E3847D606 /* Pods-XCServerAPITests.debug.xcconfig */,
				E160CEFCE43769AE99A0D9A8 /* Pods-XCServerAPITests.release.xcconfig */,
			);
			name = Pods;
			sourceTree = "<group>";
		};
		C1914B8474C3628097170BB0 /* Frameworks */ = {
			isa = PBXGroup;
			children = (
				E19AE3851F75834B0040CE07 /* libbz2.tbd */,
				2FB6F550AA2780D2129BCABA /* Pods_XCServerAPI.framework */,
				3F41A62328F1F9FD45C1DD92 /* Pods_XCServerAPITests.framework */,
			);
			name = Frameworks;
			sourceTree = "<group>";
		};
		E14163631F7532E200651654 /* BZipCompression */ = {
			isa = PBXGroup;
			children = (
				E14163641F7532E200651654 /* BZipCompression.m */,
				E14163651F7532E200651654 /* include */,
			);
			path = BZipCompression;
			sourceTree = "<group>";
		};
		E14163651F7532E200651654 /* include */ = {
			isa = PBXGroup;
			children = (
				E14163661F7532E200651654 /* BZipCompression.h */,
			);
			path = include;
			sourceTree = "<group>";
		};
		E149CB8D1D2ABC7600E2E688 = {
			isa = PBXGroup;
			children = (
				E1358CD41F748BEC00785ED6 /* Package.swift */,
				E149CC331D2AC0FB00E2E688 /* Podfile */,
				E149CC341D2AC0FB00E2E688 /* README.md */,
				E190EBDE1EFEBF22004F0920 /* XcodeServerAPI.md */,
				E149CC351D2AC0FB00E2E688 /* XCServerAPI.podspec */,
				E14163631F7532E200651654 /* BZipCompression */,
				E149CBBE1D2ABDD700E2E688 /* Sources */,
				E149CBA81D2ABC8E00E2E688 /* XCServerAPI */,
				E149CBB41D2ABC8E00E2E688 /* XCServerAPITests */,
				E149CB971D2ABC7600E2E688 /* Products */,
				7D65CC060CD5C3738BF0ED29 /* Pods */,
				C1914B8474C3628097170BB0 /* Frameworks */,
			);
			sourceTree = "<group>";
		};
		E149CB971D2ABC7600E2E688 /* Products */ = {
			isa = PBXGroup;
			children = (
				E149CBA71D2ABC8E00E2E688 /* XCServerAPI.framework */,
				E149CBB01D2ABC8E00E2E688 /* XCServerAPITests.xctest */,
			);
			name = Products;
			sourceTree = "<group>";
		};
		E149CBA81D2ABC8E00E2E688 /* XCServerAPI */ = {
			isa = PBXGroup;
			children = (
				E149CBA91D2ABC8E00E2E688 /* XCServerAPI.h */,
				E149CBAB1D2ABC8E00E2E688 /* Info.plist */,
			);
			path = XCServerAPI;
			sourceTree = "<group>";
		};
		E149CBB41D2ABC8E00E2E688 /* XCServerAPITests */ = {
			isa = PBXGroup;
			children = (
				E1358CDE1F748CB400785ED6 /* AssetsTests.swift */,
				E1358CE11F748CB400785ED6 /* BotResponse.json */,
				E1358CEB1F748CB400785ED6 /* BotsResponse.json */,
				E1358CE61F748CB400785ED6 /* BotTests.swift */,
				E1358CDC1F748CB400785ED6 /* CodeCoverageTests.swift */,
				E1358CDF1F748CB400785ED6 /* CommitsResponse.json */,
				E1358CD81F748CB400785ED6 /* CommitTests.swift */,
				E1358CD91F748CB400785ED6 /* ConfigurationTests.swift */,
				E1358CED1F748CB400785ED6 /* CoverageResponse.json */,
				E1358CE21F748CB400785ED6 /* DecodableTests.swift */,
				E1358CE91F748CB400785ED6 /* DeviceSpecificationTests.swift */,
				E1358CE01F748CB400785ED6 /* DeviceTests.swift */,
				E1358CE31F748CB400785ED6 /* IntegrationResponse.json */,
				E1358CE51F748CB400785ED6 /* IntegrationsRequest.json */,
				E1358CF11F748CB400785ED6 /* IntegrationsResponse.json */,
				E1358CE41F748CB400785ED6 /* IntegrationTests.swift */,
				E1358CEE1F748CB400785ED6 /* InvalidMockAPI.swift */,
				E1358CE71F748CB400785ED6 /* IssuesResponse.json */,
				E1358CE81F748CB400785ED6 /* IssueTests.swift */,
				E1358CEC1F748CB400785ED6 /* MockAPI.swift */,
				E1358CDA1F748CB400785ED6 /* MockAPITests.swift */,
				E1358CEF1F748CB400785ED6 /* ProvisioningConfigurationTests.swift */,
				E1358CF01F748CB400785ED6 /* RepositoryBlueprintTests.swift */,
				E1358CDD1F748CB400785ED6 /* StatsResponse.json */,
				E1358CEA1F748CB400785ED6 /* StatsTests.swift */,
				E1358CD71F748CB400785ED6 /* TestHierarchyTests.swift */,
				E1358CDB1F748CB400785ED6 /* TriggersTests.swift */,
				E1358CD61F748CB400785ED6 /* VersionResponse.json */,
				E149CBB71D2ABC8E00E2E688 /* Info.plist */,
			);
			path = XCServerAPITests;
			sourceTree = "<group>";
		};
		E149CBBE1D2ABDD700E2E688 /* Sources */ = {
			isa = PBXGroup;
			children = (
				E149CBCF1D2ABDD700E2E688 /* Assets.swift */,
				E149CBC11D2ABDD700E2E688 /* AuthenticationStrategy.swift */,
				E149CBC31D2ABDD700E2E688 /* BlueprintLocation.swift */,
				E149CBC41D2ABDD700E2E688 /* BotDocument.swift */,
				E190EBCC1EFEB91C004F0920 /* BotSchedule.swift */,
				E10CC65C1EFFE24600FE4A3F /* BuildArgument.swift */,
				E149CBC51D2ABDD700E2E688 /* BuildResultSummary.swift */,
				E10CC6621EFFE51100FE4A3F /* CleanSchedule.swift */,
				E10CC6601EFFE47200FE4A3F /* CodeCoveragePreference.swift */,
				E149CBC81D2ABDD700E2E688 /* Commit.swift */,
				E149CBC61D2ABDD700E2E688 /* CommitChangeFilePath.swift */,
				E149CBC71D2ABDD700E2E688 /* CommitContributor.swift */,
				E149CBD01D2ABDD700E2E688 /* CommitDocument.swift */,
				E149CBC91D2ABDD700E2E688 /* Conditions.swift */,
				E149CBCA1D2ABDD700E2E688 /* Configuration.swift */,
				E15167001F2A8309001CF4D6 /* CoverageFile.swift */,
				E15167041F2A854E001CF4D6 /* CoverageHierarchy.swift */,
				E15166FE1F2A8249001CF4D6 /* CoverageMethod.swift */,
				E15166FC1F2A812C001CF4D6 /* CoverageResult.swift */,
				E15167021F2A83C5001CF4D6 /* CoverageTarget.swift */,
				E176DFD61F02851F005CE042 /* Decodable+XCServerAPI.swift */,
				E149CBCB1D2ABDD700E2E688 /* DeviceDocument.swift */,
				E149CBCC1D2ABDD700E2E688 /* DeviceSpecification.swift */,
				E149CBCD1D2ABDD700E2E688 /* EmailConfiguration.swift */,
				E190EBDA1EFEBD23004F0920 /* EmailType.swift */,
				E149CBCE1D2ABDD700E2E688 /* Filter.swift */,
				E108CFCF1EFFF59F00BB7978 /* Group.swift */,
				E149CBC01D2ABDD700E2E688 /* IntegrationAsset.swift */,
				E149CBD21D2ABDD700E2E688 /* IntegrationDocument.swift */,
				E190EBD41EFEBBB0004F0920 /* IntegrationResult.swift */,
				E176DFD21F0280B1005CE042 /* IntegrationSnippet.swift */,
				E190EBD21EFEBADD004F0920 /* IntegrationStep.swift */,
				E151F2161D99BE5600157040 /* IssueAuthor.swift */,
				E149CBD31D2ABDD700E2E688 /* Issue.swift */,
				E176DFDA1F029E4D005CE042 /* IssueGroup.swift */,
				E190EBD01EFEBA23004F0920 /* IssueStatus.swift */,
				E190EBCE1EFEB981004F0920 /* PeriodicScheduleInterval.swift */,
				E149CBD51D2ABDD700E2E688 /* Platform.swift */,
				E10CC6581EFFDC7700FE4A3F /* ProvisioningConfiguration.swift */,
				E108CFD71F012FE000BB7978 /* ProxiedDevice.swift */,
				E149CBD61D2ABDD700E2E688 /* RemoteRepository.swift */,
				E190EBDC1EFEBD81004F0920 /* ReportSchedule.swift */,
				E190EBDF1EFEC056004F0920 /* RepositoryBlueprint.swift */,
				E149CBD71D2ABDD700E2E688 /* RepositoryLocation.swift */,
				E149CBDA1D2ABDD700E2E688 /* Stats.swift */,
				E149CBD91D2ABDD700E2E688 /* StatsSummary.swift */,
				E10A7FC11F17AB1600080A44 /* SuspectStrategy.swift */,
				E1AEB59E1F013E7B0019B6E2 /* TestHierarchy.swift */,
				E10CC65E1EFFE27A00FE4A3F /* TestLocalization.swift */,
				E149CBDB1D2ABDD700E2E688 /* Trigger.swift */,
				E190EBD81EFEBCC1004F0920 /* TriggerPhase.swift */,
				E190EBD61EFEBC8C004F0920 /* TriggerType.swift */,
				E149CBDC1D2ABDD700E2E688 /* VersionDocument.swift */,
				E176DFD41F0283D1005CE042 /* XCServerJSONDecoder.swift */,
				E149CBDD1D2ABDD700E2E688 /* XCServerWebAPI.swift */,
				E12209AC1F0FC1F7004403B1 /* XCServerWebAPI+Bots.swift */,
				E14878411F08169A008C5788 /* XCServerWebAPI+Commits.swift */,
				E15167061F2A8777001CF4D6 /* XCServerWebAPI+Coverage.swift */,
				E12209AA1F0FC19E004403B1 /* XCServerWebAPI+Integrations.swift */,
				E148783F1F0813C4008C5788 /* XCServerWebAPI+Issues.swift */,
			);
			path = Sources;
			sourceTree = "<group>";
		};
/* End PBXGroup section */

/* Begin PBXHeadersBuildPhase section */
		E149CBA41D2ABC8E00E2E688 /* Headers */ = {
			isa = PBXHeadersBuildPhase;
			buildActionMask = 2147483647;
			files = (
				E149CBAA1D2ABC8E00E2E688 /* XCServerAPI.h in Headers */,
				E19AE3831F7581140040CE07 /* BZipCompression.h in Headers */,
			);
			runOnlyForDeploymentPostprocessing = 0;
		};
/* End PBXHeadersBuildPhase section */

/* Begin PBXNativeTarget section */
		E149CBA61D2ABC8E00E2E688 /* XCServerAPI */ = {
			isa = PBXNativeTarget;
			buildConfigurationList = E149CBB81D2ABC8E00E2E688 /* Build configuration list for PBXNativeTarget "XCServerAPI" */;
			buildPhases = (
				FB284931F7A366CE225D39C1 /* [CP] Check Pods Manifest.lock */,
				E149CBA21D2ABC8E00E2E688 /* Sources */,
				E149CBA31D2ABC8E00E2E688 /* Frameworks */,
				E149CBA41D2ABC8E00E2E688 /* Headers */,
				E149CBA51D2ABC8E00E2E688 /* Resources */,
				C850CE59D5337C2C4928EA69 /* [CP] Copy Pods Resources */,
			);
			buildRules = (
			);
			dependencies = (
			);
			name = XCServerAPI;
			productName = XCServerAPI;
			productReference = E149CBA71D2ABC8E00E2E688 /* XCServerAPI.framework */;
			productType = "com.apple.product-type.framework";
		};
		E149CBAF1D2ABC8E00E2E688 /* XCServerAPITests */ = {
			isa = PBXNativeTarget;
			buildConfigurationList = E149CBBB1D2ABC8E00E2E688 /* Build configuration list for PBXNativeTarget "XCServerAPITests" */;
			buildPhases = (
				887CBB9526CF81D6B7C88BDE /* [CP] Check Pods Manifest.lock */,
				E149CBAC1D2ABC8E00E2E688 /* Sources */,
				E149CBAD1D2ABC8E00E2E688 /* Frameworks */,
				E149CBAE1D2ABC8E00E2E688 /* Resources */,
				046F6838C1B20AA6AFFA44E2 /* [CP] Embed Pods Frameworks */,
				825104F3E30F61C37F9FC41B /* [CP] Copy Pods Resources */,
			);
			buildRules = (
			);
			dependencies = (
				E149CBB31D2ABC8E00E2E688 /* PBXTargetDependency */,
			);
			name = XCServerAPITests;
			productName = XCServerAPITests;
			productReference = E149CBB01D2ABC8E00E2E688 /* XCServerAPITests.xctest */;
			productType = "com.apple.product-type.bundle.unit-test";
		};
/* End PBXNativeTarget section */

/* Begin PBXProject section */
		E149CB8E1D2ABC7600E2E688 /* Project object */ = {
			isa = PBXProject;
			attributes = {
				LastSwiftUpdateCheck = 0730;
				LastUpgradeCheck = 0900;
				ORGANIZATIONNAME = "Richard Piazza";
				TargetAttributes = {
					E149CBA61D2ABC8E00E2E688 = {
						CreatedOnToolsVersion = 7.3.1;
						LastSwiftMigration = 0900;
					};
					E149CBAF1D2ABC8E00E2E688 = {
						CreatedOnToolsVersion = 7.3.1;
						LastSwiftMigration = 0900;
					};
				};
			};
			buildConfigurationList = E149CB911D2ABC7600E2E688 /* Build configuration list for PBXProject "XCServerAPI" */;
			compatibilityVersion = "Xcode 3.2";
			developmentRegion = English;
			hasScannedForEncodings = 0;
			knownRegions = (
				en,
			);
			mainGroup = E149CB8D1D2ABC7600E2E688;
			productRefGroup = E149CB971D2ABC7600E2E688 /* Products */;
			projectDirPath = "";
			projectRoot = "";
			targets = (
				E149CBA61D2ABC8E00E2E688 /* XCServerAPI */,
				E149CBAF1D2ABC8E00E2E688 /* XCServerAPITests */,
			);
		};
/* End PBXProject section */

/* Begin PBXResourcesBuildPhase section */
		E149CBA51D2ABC8E00E2E688 /* Resources */ = {
			isa = PBXResourcesBuildPhase;
			buildActionMask = 2147483647;
			files = (
			);
			runOnlyForDeploymentPostprocessing = 0;
		};
		E149CBAE1D2ABC8E00E2E688 /* Resources */ = {
			isa = PBXResourcesBuildPhase;
			buildActionMask = 2147483647;
			files = (
				E1358D071F748CB400785ED6 /* BotsResponse.json in Resources */,
				E1358D0D1F748CB400785ED6 /* IntegrationsResponse.json in Resources */,
				E1358D091F748CB400785ED6 /* CoverageResponse.json in Resources */,
				E1358D011F748CB400785ED6 /* IntegrationsRequest.json in Resources */,
				E1358CFD1F748CB400785ED6 /* BotResponse.json in Resources */,
				E1358CFF1F748CB400785ED6 /* IntegrationResponse.json in Resources */,
				E1358D031F748CB400785ED6 /* IssuesResponse.json in Resources */,
				E1358CFB1F748CB400785ED6 /* CommitsResponse.json in Resources */,
				E1358CF91F748CB400785ED6 /* StatsResponse.json in Resources */,
				E1358CF21F748CB400785ED6 /* VersionResponse.json in Resources */,
			);
			runOnlyForDeploymentPostprocessing = 0;
		};
/* End PBXResourcesBuildPhase section */

/* Begin PBXShellScriptBuildPhase section */
		046F6838C1B20AA6AFFA44E2 /* [CP] Embed Pods Frameworks */ = {
			isa = PBXShellScriptBuildPhase;
			buildActionMask = 2147483647;
			files = (
			);
			inputPaths = (
				"${SRCROOT}/Pods/Target Support Files/Pods-XCServerAPITests/Pods-XCServerAPITests-frameworks.sh",
				"${BUILT_PRODUCTS_DIR}/CodeQuickKit/CodeQuickKit.framework",
			);
			name = "[CP] Embed Pods Frameworks";
			outputPaths = (
				"${TARGET_BUILD_DIR}/${FRAMEWORKS_FOLDER_PATH}/CodeQuickKit.framework",
			);
			runOnlyForDeploymentPostprocessing = 0;
			shellPath = /bin/sh;
			shellScript = "\"${SRCROOT}/Pods/Target Support Files/Pods-XCServerAPITests/Pods-XCServerAPITests-frameworks.sh\"\n";
			showEnvVarsInLog = 0;
		};
		825104F3E30F61C37F9FC41B /* [CP] Copy Pods Resources */ = {
			isa = PBXShellScriptBuildPhase;
			buildActionMask = 2147483647;
			files = (
			);
			inputPaths = (
			);
			name = "[CP] Copy Pods Resources";
			outputPaths = (
			);
			runOnlyForDeploymentPostprocessing = 0;
			shellPath = /bin/sh;
			shellScript = "\"${SRCROOT}/Pods/Target Support Files/Pods-XCServerAPITests/Pods-XCServerAPITests-resources.sh\"\n";
			showEnvVarsInLog = 0;
		};
		887CBB9526CF81D6B7C88BDE /* [CP] Check Pods Manifest.lock */ = {
			isa = PBXShellScriptBuildPhase;
			buildActionMask = 2147483647;
			files = (
			);
			inputPaths = (
				"${PODS_PODFILE_DIR_PATH}/Podfile.lock",
				"${PODS_ROOT}/Manifest.lock",
			);
			name = "[CP] Check Pods Manifest.lock";
			outputPaths = (
				"$(DERIVED_FILE_DIR)/Pods-XCServerAPITests-checkManifestLockResult.txt",
			);
			runOnlyForDeploymentPostprocessing = 0;
			shellPath = /bin/sh;
			shellScript = "diff \"${PODS_PODFILE_DIR_PATH}/Podfile.lock\" \"${PODS_ROOT}/Manifest.lock\" > /dev/null\nif [ $? != 0 ] ; then\n    # print error to STDERR\n    echo \"error: The sandbox is not in sync with the Podfile.lock. Run 'pod install' or update your CocoaPods installation.\" >&2\n    exit 1\nfi\n# This output is used by Xcode 'outputs' to avoid re-running this script phase.\necho \"SUCCESS\" > \"${SCRIPT_OUTPUT_FILE_0}\"\n";
			showEnvVarsInLog = 0;
		};
		C850CE59D5337C2C4928EA69 /* [CP] Copy Pods Resources */ = {
			isa = PBXShellScriptBuildPhase;
			buildActionMask = 2147483647;
			files = (
			);
			inputPaths = (
			);
			name = "[CP] Copy Pods Resources";
			outputPaths = (
			);
			runOnlyForDeploymentPostprocessing = 0;
			shellPath = /bin/sh;
			shellScript = "\"${SRCROOT}/Pods/Target Support Files/Pods-XCServerAPI/Pods-XCServerAPI-resources.sh\"\n";
			showEnvVarsInLog = 0;
		};
		FB284931F7A366CE225D39C1 /* [CP] Check Pods Manifest.lock */ = {
			isa = PBXShellScriptBuildPhase;
			buildActionMask = 2147483647;
			files = (
			);
			inputPaths = (
				"${PODS_PODFILE_DIR_PATH}/Podfile.lock",
				"${PODS_ROOT}/Manifest.lock",
			);
			name = "[CP] Check Pods Manifest.lock";
			outputPaths = (
				"$(DERIVED_FILE_DIR)/Pods-XCServerAPI-checkManifestLockResult.txt",
			);
			runOnlyForDeploymentPostprocessing = 0;
			shellPath = /bin/sh;
			shellScript = "diff \"${PODS_PODFILE_DIR_PATH}/Podfile.lock\" \"${PODS_ROOT}/Manifest.lock\" > /dev/null\nif [ $? != 0 ] ; then\n    # print error to STDERR\n    echo \"error: The sandbox is not in sync with the Podfile.lock. Run 'pod install' or update your CocoaPods installation.\" >&2\n    exit 1\nfi\n# This output is used by Xcode 'outputs' to avoid re-running this script phase.\necho \"SUCCESS\" > \"${SCRIPT_OUTPUT_FILE_0}\"\n";
			showEnvVarsInLog = 0;
		};
/* End PBXShellScriptBuildPhase section */

/* Begin PBXSourcesBuildPhase section */
		E149CBA21D2ABC8E00E2E688 /* Sources */ = {
			isa = PBXSourcesBuildPhase;
			buildActionMask = 2147483647;
			files = (
				E19AE3821F75810A0040CE07 /* BZipCompression.m in Sources */,
				E108CFD01EFFF59F00BB7978 /* Group.swift in Sources */,
				E15166FF1F2A8249001CF4D6 /* CoverageMethod.swift in Sources */,
				E149CBEA1D2ABDD700E2E688 /* DeviceDocument.swift in Sources */,
				E10CC6591EFFDC7700FE4A3F /* ProvisioningConfiguration.swift in Sources */,
				E15166FD1F2A812C001CF4D6 /* CoverageResult.swift in Sources */,
				E12209AB1F0FC19E004403B1 /* XCServerWebAPI+Integrations.swift in Sources */,
				E10CC65F1EFFE27A00FE4A3F /* TestLocalization.swift in Sources */,
				E149CBE91D2ABDD700E2E688 /* Configuration.swift in Sources */,
				E10CC65D1EFFE24600FE4A3F /* BuildArgument.swift in Sources */,
				E190EBD91EFEBCC1004F0920 /* TriggerPhase.swift in Sources */,
				E14878421F08169A008C5788 /* XCServerWebAPI+Commits.swift in Sources */,
				E190EBD31EFEBADD004F0920 /* IntegrationStep.swift in Sources */,
				E149CBEC1D2ABDD700E2E688 /* EmailConfiguration.swift in Sources */,
				E15167071F2A8777001CF4D6 /* XCServerWebAPI+Coverage.swift in Sources */,
				E1AEB59F1F013E7B0019B6E2 /* TestHierarchy.swift in Sources */,
				E15167051F2A854E001CF4D6 /* CoverageHierarchy.swift in Sources */,
				E190EBD11EFEBA23004F0920 /* IssueStatus.swift in Sources */,
				E190EBDB1EFEBD23004F0920 /* EmailType.swift in Sources */,
				E149CBE41D2ABDD700E2E688 /* BuildResultSummary.swift in Sources */,
				E149CBF61D2ABDD700E2E688 /* RepositoryLocation.swift in Sources */,
				E190EBCD1EFEB91C004F0920 /* BotSchedule.swift in Sources */,
				E149CBE21D2ABDD700E2E688 /* BlueprintLocation.swift in Sources */,
				E149CBF41D2ABDD700E2E688 /* Platform.swift in Sources */,
				E149CBE81D2ABDD700E2E688 /* Conditions.swift in Sources */,
				E149CBE51D2ABDD700E2E688 /* CommitChangeFilePath.swift in Sources */,
				E149CBDF1D2ABDD700E2E688 /* IntegrationAsset.swift in Sources */,
				E149CBFA1D2ABDD700E2E688 /* Trigger.swift in Sources */,
				E149CBF21D2ABDD700E2E688 /* Issue.swift in Sources */,
				E190EBD71EFEBC8C004F0920 /* TriggerType.swift in Sources */,
				E149CBEB1D2ABDD700E2E688 /* DeviceSpecification.swift in Sources */,
				E10A7FC21F17AB1600080A44 /* SuspectStrategy.swift in Sources */,
				E176DFD31F0280B1005CE042 /* IntegrationSnippet.swift in Sources */,
				E149CBFB1D2ABDD700E2E688 /* VersionDocument.swift in Sources */,
				E14878401F0813C4008C5788 /* XCServerWebAPI+Issues.swift in Sources */,
				E15167011F2A8309001CF4D6 /* CoverageFile.swift in Sources */,
				E149CBF51D2ABDD700E2E688 /* RemoteRepository.swift in Sources */,
				E12209AD1F0FC1F7004403B1 /* XCServerWebAPI+Bots.swift in Sources */,
				E149CBEE1D2ABDD700E2E688 /* Assets.swift in Sources */,
				E149CBF81D2ABDD700E2E688 /* StatsSummary.swift in Sources */,
				E149CBE31D2ABDD700E2E688 /* BotDocument.swift in Sources */,
				E10CC6631EFFE51100FE4A3F /* CleanSchedule.swift in Sources */,
				E10CC6611EFFE47200FE4A3F /* CodeCoveragePreference.swift in Sources */,
				E149CBED1D2ABDD700E2E688 /* Filter.swift in Sources */,
				E149CBF91D2ABDD700E2E688 /* Stats.swift in Sources */,
				E108CFD81F012FE000BB7978 /* ProxiedDevice.swift in Sources */,
				E149CBE71D2ABDD700E2E688 /* Commit.swift in Sources */,
				E190EBD51EFEBBB0004F0920 /* IntegrationResult.swift in Sources */,
				E149CBE01D2ABDD700E2E688 /* AuthenticationStrategy.swift in Sources */,
				E190EBE01EFEC056004F0920 /* RepositoryBlueprint.swift in Sources */,
				E15167031F2A83C5001CF4D6 /* CoverageTarget.swift in Sources */,
				E151F2171D99BE5600157040 /* IssueAuthor.swift in Sources */,
				E176DFD51F0283D1005CE042 /* XCServerJSONDecoder.swift in Sources */,
				E149CBE61D2ABDD700E2E688 /* CommitContributor.swift in Sources */,
				E149CBF11D2ABDD700E2E688 /* IntegrationDocument.swift in Sources */,
				E176DFDB1F029E4D005CE042 /* IssueGroup.swift in Sources */,
				E190EBDD1EFEBD81004F0920 /* ReportSchedule.swift in Sources */,
				E176DFD71F02851F005CE042 /* Decodable+XCServerAPI.swift in Sources */,
				E190EBCF1EFEB981004F0920 /* PeriodicScheduleInterval.swift in Sources */,
				E149CBFC1D2ABDD700E2E688 /* XCServerWebAPI.swift in Sources */,
				E149CBEF1D2ABDD700E2E688 /* CommitDocument.swift in Sources */,
			);
			runOnlyForDeploymentPostprocessing = 0;
		};
		E149CBAC1D2ABC8E00E2E688 /* Sources */ = {
			isa = PBXSourcesBuildPhase;
			buildActionMask = 2147483647;
			files = (
				E1358CFA1F748CB400785ED6 /* AssetsTests.swift in Sources */,
				E1358D051F748CB400785ED6 /* DeviceSpecificationTests.swift in Sources */,
				E1358CF61F748CB400785ED6 /* MockAPITests.swift in Sources */,
				E1358D0B1F748CB400785ED6 /* ProvisioningConfigurationTests.swift in Sources */,
				E1358D001F748CB400785ED6 /* IntegrationTests.swift in Sources */,
				E1358CF41F748CB400785ED6 /* CommitTests.swift in Sources */,
				E1358CF81F748CB400785ED6 /* CodeCoverageTests.swift in Sources */,
				E1358CF71F748CB400785ED6 /* TriggersTests.swift in Sources */,
				E1358D061F748CB400785ED6 /* StatsTests.swift in Sources */,
				E1358CF31F748CB400785ED6 /* TestHierarchyTests.swift in Sources */,
				E1358CF51F748CB400785ED6 /* ConfigurationTests.swift in Sources */,
				E1358D0A1F748CB400785ED6 /* InvalidMockAPI.swift in Sources */,
				E1358CFE1F748CB400785ED6 /* DecodableTests.swift in Sources */,
				E1358D021F748CB400785ED6 /* BotTests.swift in Sources */,
				E1358CFC1F748CB400785ED6 /* DeviceTests.swift in Sources */,
				E1358D081F748CB400785ED6 /* MockAPI.swift in Sources */,
				E1358D041F748CB400785ED6 /* IssueTests.swift in Sources */,
				E1358D0C1F748CB400785ED6 /* RepositoryBlueprintTests.swift in Sources */,
			);
			runOnlyForDeploymentPostprocessing = 0;
		};
/* End PBXSourcesBuildPhase section */

/* Begin PBXTargetDependency section */
		E149CBB31D2ABC8E00E2E688 /* PBXTargetDependency */ = {
			isa = PBXTargetDependency;
			target = E149CBA61D2ABC8E00E2E688 /* XCServerAPI */;
			targetProxy = E149CBB21D2ABC8E00E2E688 /* PBXContainerItemProxy */;
		};
/* End PBXTargetDependency section */

/* Begin XCBuildConfiguration section */
		E149CB9D1D2ABC7600E2E688 /* Debug */ = {
			isa = XCBuildConfiguration;
			buildSettings = {
				ALWAYS_SEARCH_USER_PATHS = NO;
				CLANG_ANALYZER_NONNULL = YES;
				CLANG_CXX_LANGUAGE_STANDARD = "gnu++0x";
				CLANG_CXX_LIBRARY = "libc++";
				CLANG_ENABLE_MODULES = YES;
				CLANG_ENABLE_OBJC_ARC = YES;
				CLANG_WARN_BLOCK_CAPTURE_AUTORELEASING = YES;
				CLANG_WARN_BOOL_CONVERSION = YES;
				CLANG_WARN_COMMA = YES;
				CLANG_WARN_CONSTANT_CONVERSION = YES;
				CLANG_WARN_DIRECT_OBJC_ISA_USAGE = YES_ERROR;
				CLANG_WARN_EMPTY_BODY = YES;
				CLANG_WARN_ENUM_CONVERSION = YES;
				CLANG_WARN_INFINITE_RECURSION = YES;
				CLANG_WARN_INT_CONVERSION = YES;
				CLANG_WARN_NON_LITERAL_NULL_CONVERSION = YES;
				CLANG_WARN_OBJC_LITERAL_CONVERSION = YES;
				CLANG_WARN_OBJC_ROOT_CLASS = YES_ERROR;
				CLANG_WARN_RANGE_LOOP_ANALYSIS = YES;
				CLANG_WARN_STRICT_PROTOTYPES = YES;
				CLANG_WARN_SUSPICIOUS_MOVE = YES;
				CLANG_WARN_UNREACHABLE_CODE = YES;
				CLANG_WARN__DUPLICATE_METHOD_MATCH = YES;
				"CODE_SIGN_IDENTITY[sdk=iphoneos*]" = "iPhone Developer";
				COPY_PHASE_STRIP = NO;
				DEBUG_INFORMATION_FORMAT = dwarf;
				ENABLE_STRICT_OBJC_MSGSEND = YES;
				ENABLE_TESTABILITY = YES;
				GCC_C_LANGUAGE_STANDARD = gnu99;
				GCC_DYNAMIC_NO_PIC = NO;
				GCC_NO_COMMON_BLOCKS = YES;
				GCC_OPTIMIZATION_LEVEL = 0;
				GCC_PREPROCESSOR_DEFINITIONS = (
					"DEBUG=1",
					"$(inherited)",
				);
				GCC_WARN_64_TO_32_BIT_CONVERSION = YES;
				GCC_WARN_ABOUT_RETURN_TYPE = YES_ERROR;
				GCC_WARN_UNDECLARED_SELECTOR = YES;
				GCC_WARN_UNINITIALIZED_AUTOS = YES_AGGRESSIVE;
				GCC_WARN_UNUSED_FUNCTION = YES;
				GCC_WARN_UNUSED_VARIABLE = YES;
				IPHONEOS_DEPLOYMENT_TARGET = 11.0;
				MTL_ENABLE_DEBUG_INFO = YES;
				ONLY_ACTIVE_ARCH = YES;
				SDKROOT = iphoneos;
				SWIFT_VERSION = 4.0;
				TARGETED_DEVICE_FAMILY = "1,2,3,4";
			};
			name = Debug;
		};
		E149CB9E1D2ABC7600E2E688 /* Release */ = {
			isa = XCBuildConfiguration;
			buildSettings = {
				ALWAYS_SEARCH_USER_PATHS = NO;
				CLANG_ANALYZER_NONNULL = YES;
				CLANG_CXX_LANGUAGE_STANDARD = "gnu++0x";
				CLANG_CXX_LIBRARY = "libc++";
				CLANG_ENABLE_MODULES = YES;
				CLANG_ENABLE_OBJC_ARC = YES;
				CLANG_WARN_BLOCK_CAPTURE_AUTORELEASING = YES;
				CLANG_WARN_BOOL_CONVERSION = YES;
				CLANG_WARN_COMMA = YES;
				CLANG_WARN_CONSTANT_CONVERSION = YES;
				CLANG_WARN_DIRECT_OBJC_ISA_USAGE = YES_ERROR;
				CLANG_WARN_EMPTY_BODY = YES;
				CLANG_WARN_ENUM_CONVERSION = YES;
				CLANG_WARN_INFINITE_RECURSION = YES;
				CLANG_WARN_INT_CONVERSION = YES;
				CLANG_WARN_NON_LITERAL_NULL_CONVERSION = YES;
				CLANG_WARN_OBJC_LITERAL_CONVERSION = YES;
				CLANG_WARN_OBJC_ROOT_CLASS = YES_ERROR;
				CLANG_WARN_RANGE_LOOP_ANALYSIS = YES;
				CLANG_WARN_STRICT_PROTOTYPES = YES;
				CLANG_WARN_SUSPICIOUS_MOVE = YES;
				CLANG_WARN_UNREACHABLE_CODE = YES;
				CLANG_WARN__DUPLICATE_METHOD_MATCH = YES;
				"CODE_SIGN_IDENTITY[sdk=iphoneos*]" = "iPhone Developer";
				COPY_PHASE_STRIP = NO;
				DEBUG_INFORMATION_FORMAT = "dwarf-with-dsym";
				ENABLE_NS_ASSERTIONS = NO;
				ENABLE_STRICT_OBJC_MSGSEND = YES;
				GCC_C_LANGUAGE_STANDARD = gnu99;
				GCC_NO_COMMON_BLOCKS = YES;
				GCC_WARN_64_TO_32_BIT_CONVERSION = YES;
				GCC_WARN_ABOUT_RETURN_TYPE = YES_ERROR;
				GCC_WARN_UNDECLARED_SELECTOR = YES;
				GCC_WARN_UNINITIALIZED_AUTOS = YES_AGGRESSIVE;
				GCC_WARN_UNUSED_FUNCTION = YES;
				GCC_WARN_UNUSED_VARIABLE = YES;
				IPHONEOS_DEPLOYMENT_TARGET = 11.0;
				MTL_ENABLE_DEBUG_INFO = NO;
				SDKROOT = iphoneos;
				SWIFT_OPTIMIZATION_LEVEL = "-Owholemodule";
				SWIFT_VERSION = 4.0;
				TARGETED_DEVICE_FAMILY = "1,2,3,4";
				VALIDATE_PRODUCT = YES;
			};
			name = Release;
		};
		E149CBB91D2ABC8E00E2E688 /* Debug */ = {
			isa = XCBuildConfiguration;
			baseConfigurationReference = DFC97C85D34636CE86B14D89 /* Pods-XCServerAPI.debug.xcconfig */;
			buildSettings = {
				"CODE_SIGN_IDENTITY[sdk=iphoneos*]" = "";
				CURRENT_PROJECT_VERSION = 1;
				DEFINES_MODULE = YES;
				DYLIB_COMPATIBILITY_VERSION = 1;
				DYLIB_CURRENT_VERSION = 1;
				DYLIB_INSTALL_NAME_BASE = "@rpath";
				INFOPLIST_FILE = XCServerAPI/Info.plist;
				INSTALL_PATH = "$(LOCAL_LIBRARY_DIR)/Frameworks";
				LD_RUNPATH_SEARCH_PATHS = "$(inherited) @executable_path/Frameworks @loader_path/Frameworks";
				MACOSX_DEPLOYMENT_TARGET = 10.13;
				PRODUCT_BUNDLE_IDENTIFIER = com.richardpiazza.XCServerAPI;
				PRODUCT_NAME = "$(TARGET_NAME)";
				SKIP_INSTALL = YES;
				SUPPORTED_PLATFORMS = "iphonesimulator iphoneos appletvsimulator appletvos watchsimulator watchos macosx";
				SWIFT_OBJC_BRIDGING_HEADER = "";
				SWIFT_OPTIMIZATION_LEVEL = "-Onone";
				SWIFT_VERSION = 4.0;
				TVOS_DEPLOYMENT_TARGET = 11.0;
				VERSIONING_SYSTEM = "apple-generic";
				VERSION_INFO_PREFIX = "";
				WATCHOS_DEPLOYMENT_TARGET = 4.0;
			};
			name = Debug;
		};
		E149CBBA1D2ABC8E00E2E688 /* Release */ = {
			isa = XCBuildConfiguration;
			baseConfigurationReference = 0E509A0725BBA3CD2DCEF6C3 /* Pods-XCServerAPI.release.xcconfig */;
			buildSettings = {
				"CODE_SIGN_IDENTITY[sdk=iphoneos*]" = "";
				CURRENT_PROJECT_VERSION = 1;
				DEFINES_MODULE = YES;
				DYLIB_COMPATIBILITY_VERSION = 1;
				DYLIB_CURRENT_VERSION = 1;
				DYLIB_INSTALL_NAME_BASE = "@rpath";
				INFOPLIST_FILE = XCServerAPI/Info.plist;
				INSTALL_PATH = "$(LOCAL_LIBRARY_DIR)/Frameworks";
				LD_RUNPATH_SEARCH_PATHS = "$(inherited) @executable_path/Frameworks @loader_path/Frameworks";
				MACOSX_DEPLOYMENT_TARGET = 10.13;
				PRODUCT_BUNDLE_IDENTIFIER = com.richardpiazza.XCServerAPI;
				PRODUCT_NAME = "$(TARGET_NAME)";
				SKIP_INSTALL = YES;
				SUPPORTED_PLATFORMS = "iphonesimulator iphoneos appletvsimulator appletvos watchsimulator watchos macosx";
				SWIFT_OBJC_BRIDGING_HEADER = "";
				SWIFT_VERSION = 4.0;
				TVOS_DEPLOYMENT_TARGET = 11.0;
				VERSIONING_SYSTEM = "apple-generic";
				VERSION_INFO_PREFIX = "";
				WATCHOS_DEPLOYMENT_TARGET = 4.0;
			};
			name = Release;
		};
		E149CBBC1D2ABC8E00E2E688 /* Debug */ = {
			isa = XCBuildConfiguration;
			baseConfigurationReference = 7168F2F8281D069E3847D606 /* Pods-XCServerAPITests.debug.xcconfig */;
			buildSettings = {
				ALWAYS_EMBED_SWIFT_STANDARD_LIBRARIES = YES;
				CLANG_ENABLE_MODULES = YES;
				INFOPLIST_FILE = XCServerAPITests/Info.plist;
				LD_RUNPATH_SEARCH_PATHS = "$(inherited) @executable_path/Frameworks @loader_path/Frameworks";
				PRODUCT_BUNDLE_IDENTIFIER = com.richardpiazza.XCServerAPITests;
				PRODUCT_NAME = "$(TARGET_NAME)";
				SUPPORTED_PLATFORMS = "iphonesimulator iphoneos appletvsimulator appletvos watchsimulator watchos macosx";
				SWIFT_OPTIMIZATION_LEVEL = "-Onone";
				SWIFT_VERSION = 4.0;
			};
			name = Debug;
		};
		E149CBBD1D2ABC8E00E2E688 /* Release */ = {
			isa = XCBuildConfiguration;
			baseConfigurationReference = E160CEFCE43769AE99A0D9A8 /* Pods-XCServerAPITests.release.xcconfig */;
			buildSettings = {
				ALWAYS_EMBED_SWIFT_STANDARD_LIBRARIES = YES;
				CLANG_ENABLE_MODULES = YES;
				INFOPLIST_FILE = XCServerAPITests/Info.plist;
				LD_RUNPATH_SEARCH_PATHS = "$(inherited) @executable_path/Frameworks @loader_path/Frameworks";
				PRODUCT_BUNDLE_IDENTIFIER = com.richardpiazza.XCServerAPITests;
				PRODUCT_NAME = "$(TARGET_NAME)";
				SUPPORTED_PLATFORMS = "iphonesimulator iphoneos appletvsimulator appletvos watchsimulator watchos macosx";
				SWIFT_VERSION = 4.0;
			};
			name = Release;
		};
/* End XCBuildConfiguration section */

/* Begin XCConfigurationList section */
		E149CB911D2ABC7600E2E688 /* Build configuration list for PBXProject "XCServerAPI" */ = {
			isa = XCConfigurationList;
			buildConfigurations = (
				E149CB9D1D2ABC7600E2E688 /* Debug */,
				E149CB9E1D2ABC7600E2E688 /* Release */,
			);
			defaultConfigurationIsVisible = 0;
			defaultConfigurationName = Release;
		};
		E149CBB81D2ABC8E00E2E688 /* Build configuration list for PBXNativeTarget "XCServerAPI" */ = {
			isa = XCConfigurationList;
			buildConfigurations = (
				E149CBB91D2ABC8E00E2E688 /* Debug */,
				E149CBBA1D2ABC8E00E2E688 /* Release */,
			);
			defaultConfigurationIsVisible = 0;
			defaultConfigurationName = Release;
		};
		E149CBBB1D2ABC8E00E2E688 /* Build configuration list for PBXNativeTarget "XCServerAPITests" */ = {
			isa = XCConfigurationList;
			buildConfigurations = (
				E149CBBC1D2ABC8E00E2E688 /* Debug */,
				E149CBBD1D2ABC8E00E2E688 /* Release */,
			);
			defaultConfigurationIsVisible = 0;
			defaultConfigurationName = Release;
		};
/* End XCConfigurationList section */
	};
	rootObject = E149CB8E1D2ABC7600E2E688 /* Project object */;
}
