// !$*UTF8*$!
{
	archiveVersion = 1;
	classes = {
	};
	objectVersion = 46;
	objects = {

/* Begin PBXBuildFile section */
		0164414CA64501C6F71102CF /* Pods_XCServerAPI.framework in Frameworks */ = {isa = PBXBuildFile; fileRef = 2FB6F550AA2780D2129BCABA /* Pods_XCServerAPI.framework */; };
		2CAA4B297B94CA4ED5C2CC6B /* Pods_XCServerAPITests.framework in Frameworks */ = {isa = PBXBuildFile; fileRef = 3F41A62328F1F9FD45C1DD92 /* Pods_XCServerAPITests.framework */; };
		E108CFCE1EFFF33C00BB7978 /* BotTests.swift in Sources */ = {isa = PBXBuildFile; fileRef = E108CFCD1EFFF33C00BB7978 /* BotTests.swift */; };
		E108CFD01EFFF59F00BB7978 /* Group.swift in Sources */ = {isa = PBXBuildFile; fileRef = E108CFCF1EFFF59F00BB7978 /* Group.swift */; };
		E108CFD21EFFFB6700BB7978 /* IntegrationTests.swift in Sources */ = {isa = PBXBuildFile; fileRef = E108CFD11EFFFB6700BB7978 /* IntegrationTests.swift */; };
		E108CFD41EFFFD3700BB7978 /* DeviceTests.swift in Sources */ = {isa = PBXBuildFile; fileRef = E108CFD31EFFFD3700BB7978 /* DeviceTests.swift */; };
		E108CFD61EFFFDF900BB7978 /* TestHierarchyTests.swift in Sources */ = {isa = PBXBuildFile; fileRef = E108CFD51EFFFDF900BB7978 /* TestHierarchyTests.swift */; };
		E108CFD81F012FE000BB7978 /* ProxiedDevice.swift in Sources */ = {isa = PBXBuildFile; fileRef = E108CFD71F012FE000BB7978 /* ProxiedDevice.swift */; };
		E10CC6571EFFDC2C00FE4A3F /* ProvisioningConfigurationTests.swift in Sources */ = {isa = PBXBuildFile; fileRef = E10CC6561EFFDC2C00FE4A3F /* ProvisioningConfigurationTests.swift */; };
		E10CC6591EFFDC7700FE4A3F /* ProvisioningConfiguration.swift in Sources */ = {isa = PBXBuildFile; fileRef = E10CC6581EFFDC7700FE4A3F /* ProvisioningConfiguration.swift */; };
		E10CC65B1EFFDDDB00FE4A3F /* ConfigurationTests.swift in Sources */ = {isa = PBXBuildFile; fileRef = E10CC65A1EFFDDDB00FE4A3F /* ConfigurationTests.swift */; };
		E10CC65D1EFFE24600FE4A3F /* BuildArgument.swift in Sources */ = {isa = PBXBuildFile; fileRef = E10CC65C1EFFE24600FE4A3F /* BuildArgument.swift */; };
		E10CC65F1EFFE27A00FE4A3F /* TestLocalization.swift in Sources */ = {isa = PBXBuildFile; fileRef = E10CC65E1EFFE27A00FE4A3F /* TestLocalization.swift */; };
		E10CC6611EFFE47200FE4A3F /* CodeCoveragePreference.swift in Sources */ = {isa = PBXBuildFile; fileRef = E10CC6601EFFE47200FE4A3F /* CodeCoveragePreference.swift */; };
		E10CC6631EFFE51100FE4A3F /* CleanSchedule.swift in Sources */ = {isa = PBXBuildFile; fileRef = E10CC6621EFFE51100FE4A3F /* CleanSchedule.swift */; };
		E149CBAA1D2ABC8E00E2E688 /* XCServerAPI.h in Headers */ = {isa = PBXBuildFile; fileRef = E149CBA91D2ABC8E00E2E688 /* XCServerAPI.h */; settings = {ATTRIBUTES = (Public, ); }; };
		E149CBB11D2ABC8E00E2E688 /* XCServerAPI.framework in Frameworks */ = {isa = PBXBuildFile; fileRef = E149CBA71D2ABC8E00E2E688 /* XCServerAPI.framework */; };
		E149CBDE1D2ABDD700E2E688 /* APIResponses.swift in Sources */ = {isa = PBXBuildFile; fileRef = E149CBBF1D2ABDD700E2E688 /* APIResponses.swift */; };
		E149CBDF1D2ABDD700E2E688 /* AssetJSON.swift in Sources */ = {isa = PBXBuildFile; fileRef = E149CBC01D2ABDD700E2E688 /* AssetJSON.swift */; };
		E149CBE01D2ABDD700E2E688 /* AuthenticationStrategyJSON.swift in Sources */ = {isa = PBXBuildFile; fileRef = E149CBC11D2ABDD700E2E688 /* AuthenticationStrategyJSON.swift */; };
		E149CBE11D2ABDD700E2E688 /* BestSuccessStreakJSON.swift in Sources */ = {isa = PBXBuildFile; fileRef = E149CBC21D2ABDD700E2E688 /* BestSuccessStreakJSON.swift */; };
		E149CBE21D2ABDD700E2E688 /* BlueprintLocationJSON.swift in Sources */ = {isa = PBXBuildFile; fileRef = E149CBC31D2ABDD700E2E688 /* BlueprintLocationJSON.swift */; };
		E149CBE31D2ABDD700E2E688 /* BotJSON.swift in Sources */ = {isa = PBXBuildFile; fileRef = E149CBC41D2ABDD700E2E688 /* BotJSON.swift */; };
		E149CBE41D2ABDD700E2E688 /* BuildResultSummaryJSON.swift in Sources */ = {isa = PBXBuildFile; fileRef = E149CBC51D2ABDD700E2E688 /* BuildResultSummaryJSON.swift */; };
		E149CBE51D2ABDD700E2E688 /* CommitChangeJSON.swift in Sources */ = {isa = PBXBuildFile; fileRef = E149CBC61D2ABDD700E2E688 /* CommitChangeJSON.swift */; };
		E149CBE61D2ABDD700E2E688 /* CommitContributorJSON.swift in Sources */ = {isa = PBXBuildFile; fileRef = E149CBC71D2ABDD700E2E688 /* CommitContributorJSON.swift */; };
		E149CBE71D2ABDD700E2E688 /* CommitJSON.swift in Sources */ = {isa = PBXBuildFile; fileRef = E149CBC81D2ABDD700E2E688 /* CommitJSON.swift */; };
		E149CBE81D2ABDD700E2E688 /* ConditionsJSON.swift in Sources */ = {isa = PBXBuildFile; fileRef = E149CBC91D2ABDD700E2E688 /* ConditionsJSON.swift */; };
		E149CBE91D2ABDD700E2E688 /* ConfigurationJSON.swift in Sources */ = {isa = PBXBuildFile; fileRef = E149CBCA1D2ABDD700E2E688 /* ConfigurationJSON.swift */; };
		E149CBEA1D2ABDD700E2E688 /* DeviceJSON.swift in Sources */ = {isa = PBXBuildFile; fileRef = E149CBCB1D2ABDD700E2E688 /* DeviceJSON.swift */; };
		E149CBEB1D2ABDD700E2E688 /* DeviceSpecificationJSON.swift in Sources */ = {isa = PBXBuildFile; fileRef = E149CBCC1D2ABDD700E2E688 /* DeviceSpecificationJSON.swift */; };
		E149CBEC1D2ABDD700E2E688 /* EmailConfigurationJSON.swift in Sources */ = {isa = PBXBuildFile; fileRef = E149CBCD1D2ABDD700E2E688 /* EmailConfigurationJSON.swift */; };
		E149CBED1D2ABDD700E2E688 /* FilterJSON.swift in Sources */ = {isa = PBXBuildFile; fileRef = E149CBCE1D2ABDD700E2E688 /* FilterJSON.swift */; };
		E149CBEE1D2ABDD700E2E688 /* IntegrationAssetsJSON.swift in Sources */ = {isa = PBXBuildFile; fileRef = E149CBCF1D2ABDD700E2E688 /* IntegrationAssetsJSON.swift */; };
		E149CBEF1D2ABDD700E2E688 /* IntegrationCommitJSON.swift in Sources */ = {isa = PBXBuildFile; fileRef = E149CBD01D2ABDD700E2E688 /* IntegrationCommitJSON.swift */; };
		E149CBF01D2ABDD700E2E688 /* IntegrationIssuesJSON.swift in Sources */ = {isa = PBXBuildFile; fileRef = E149CBD11D2ABDD700E2E688 /* IntegrationIssuesJSON.swift */; };
		E149CBF11D2ABDD700E2E688 /* IntegrationJSON.swift in Sources */ = {isa = PBXBuildFile; fileRef = E149CBD21D2ABDD700E2E688 /* IntegrationJSON.swift */; };
		E149CBF21D2ABDD700E2E688 /* IssueJSON.swift in Sources */ = {isa = PBXBuildFile; fileRef = E149CBD31D2ABDD700E2E688 /* IssueJSON.swift */; };
		E149CBF31D2ABDD700E2E688 /* LastCleanIntegrationJSON.swift in Sources */ = {isa = PBXBuildFile; fileRef = E149CBD41D2ABDD700E2E688 /* LastCleanIntegrationJSON.swift */; };
		E149CBF41D2ABDD700E2E688 /* PlatformJSON.swift in Sources */ = {isa = PBXBuildFile; fileRef = E149CBD51D2ABDD700E2E688 /* PlatformJSON.swift */; };
		E149CBF51D2ABDD700E2E688 /* RemoteRepositoryJSON.swift in Sources */ = {isa = PBXBuildFile; fileRef = E149CBD61D2ABDD700E2E688 /* RemoteRepositoryJSON.swift */; };
		E149CBF61D2ABDD700E2E688 /* RepositoryLocationJSON.swift in Sources */ = {isa = PBXBuildFile; fileRef = E149CBD71D2ABDD700E2E688 /* RepositoryLocationJSON.swift */; };
		E149CBF71D2ABDD700E2E688 /* RevisionBlueprintJSON.swift in Sources */ = {isa = PBXBuildFile; fileRef = E149CBD81D2ABDD700E2E688 /* RevisionBlueprintJSON.swift */; };
		E149CBF81D2ABDD700E2E688 /* StatsBreakdownJSON.swift in Sources */ = {isa = PBXBuildFile; fileRef = E149CBD91D2ABDD700E2E688 /* StatsBreakdownJSON.swift */; };
		E149CBF91D2ABDD700E2E688 /* StatsJSON.swift in Sources */ = {isa = PBXBuildFile; fileRef = E149CBDA1D2ABDD700E2E688 /* StatsJSON.swift */; };
		E149CBFA1D2ABDD700E2E688 /* TriggerJSON.swift in Sources */ = {isa = PBXBuildFile; fileRef = E149CBDB1D2ABDD700E2E688 /* TriggerJSON.swift */; };
		E149CBFB1D2ABDD700E2E688 /* VersionJSON.swift in Sources */ = {isa = PBXBuildFile; fileRef = E149CBDC1D2ABDD700E2E688 /* VersionJSON.swift */; };
		E149CBFC1D2ABDD700E2E688 /* XCServerWebAPI.swift in Sources */ = {isa = PBXBuildFile; fileRef = E149CBDD1D2ABDD700E2E688 /* XCServerWebAPI.swift */; };
		E151F2151D99B00200157040 /* XCServerDocument.swift in Sources */ = {isa = PBXBuildFile; fileRef = E151F2141D99B00200157040 /* XCServerDocument.swift */; };
		E151F2171D99BE5600157040 /* IssueAuthorJSON.swift in Sources */ = {isa = PBXBuildFile; fileRef = E151F2161D99BE5600157040 /* IssueAuthorJSON.swift */; };
		E176DFD31F0280B1005CE042 /* IntegrationSnippet.swift in Sources */ = {isa = PBXBuildFile; fileRef = E176DFD21F0280B1005CE042 /* IntegrationSnippet.swift */; };
		E176DFD51F0283D1005CE042 /* XCServerJSONDecoder.swift in Sources */ = {isa = PBXBuildFile; fileRef = E176DFD41F0283D1005CE042 /* XCServerJSONDecoder.swift */; };
		E176DFD71F02851F005CE042 /* Decodable+XCServerAPI.swift in Sources */ = {isa = PBXBuildFile; fileRef = E176DFD61F02851F005CE042 /* Decodable+XCServerAPI.swift */; };
		E176DFD91F029D98005CE042 /* Issues.swift in Sources */ = {isa = PBXBuildFile; fileRef = E176DFD81F029D98005CE042 /* Issues.swift */; };
		E176DFDB1F029E4D005CE042 /* IssueGroup.swift in Sources */ = {isa = PBXBuildFile; fileRef = E176DFDA1F029E4D005CE042 /* IssueGroup.swift */; };
		E190EBCD1EFEB91C004F0920 /* BotSchedule.swift in Sources */ = {isa = PBXBuildFile; fileRef = E190EBCC1EFEB91C004F0920 /* BotSchedule.swift */; };
		E190EBCF1EFEB981004F0920 /* PeriodicScheduleInterval.swift in Sources */ = {isa = PBXBuildFile; fileRef = E190EBCE1EFEB981004F0920 /* PeriodicScheduleInterval.swift */; };
		E190EBD11EFEBA23004F0920 /* IssueStatus.swift in Sources */ = {isa = PBXBuildFile; fileRef = E190EBD01EFEBA23004F0920 /* IssueStatus.swift */; };
		E190EBD31EFEBADD004F0920 /* IntegrationStep.swift in Sources */ = {isa = PBXBuildFile; fileRef = E190EBD21EFEBADD004F0920 /* IntegrationStep.swift */; };
		E190EBD51EFEBBB0004F0920 /* IntegrationResult.swift in Sources */ = {isa = PBXBuildFile; fileRef = E190EBD41EFEBBB0004F0920 /* IntegrationResult.swift */; };
		E190EBD71EFEBC8C004F0920 /* TriggerType.swift in Sources */ = {isa = PBXBuildFile; fileRef = E190EBD61EFEBC8C004F0920 /* TriggerType.swift */; };
		E190EBD91EFEBCC1004F0920 /* TriggerPhase.swift in Sources */ = {isa = PBXBuildFile; fileRef = E190EBD81EFEBCC1004F0920 /* TriggerPhase.swift */; };
		E190EBDB1EFEBD23004F0920 /* EmailType.swift in Sources */ = {isa = PBXBuildFile; fileRef = E190EBDA1EFEBD23004F0920 /* EmailType.swift */; };
		E190EBDD1EFEBD81004F0920 /* ReportSchedule.swift in Sources */ = {isa = PBXBuildFile; fileRef = E190EBDC1EFEBD81004F0920 /* ReportSchedule.swift */; };
		E190EBE01EFEC056004F0920 /* RepositoryBlueprint.swift in Sources */ = {isa = PBXBuildFile; fileRef = E190EBDF1EFEC056004F0920 /* RepositoryBlueprint.swift */; };
		E190EBE21EFEC953004F0920 /* RepositoryBlueprintTests.swift in Sources */ = {isa = PBXBuildFile; fileRef = E190EBE11EFEC953004F0920 /* RepositoryBlueprintTests.swift */; };
		E1956AD51F01D3F4006193D7 /* IssueTests.swift in Sources */ = {isa = PBXBuildFile; fileRef = E1956AD41F01D3F4006193D7 /* IssueTests.swift */; };
		E1956AD71F01D712006193D7 /* CommitTests.swift in Sources */ = {isa = PBXBuildFile; fileRef = E1956AD61F01D712006193D7 /* CommitTests.swift */; };
		E1956AD91F01D9DE006193D7 /* StatsTests.swift in Sources */ = {isa = PBXBuildFile; fileRef = E1956AD81F01D9DE006193D7 /* StatsTests.swift */; };
		E1A3BBB31EFF6152003FBF7F /* DeviceSpecificationTests.swift in Sources */ = {isa = PBXBuildFile; fileRef = E1A3BBB21EFF6152003FBF7F /* DeviceSpecificationTests.swift */; };
		E1AEB59F1F013E7B0019B6E2 /* TestHierarchy.swift in Sources */ = {isa = PBXBuildFile; fileRef = E1AEB59E1F013E7B0019B6E2 /* TestHierarchy.swift */; };
/* End PBXBuildFile section */

/* Begin PBXContainerItemProxy section */
		E149CBB21D2ABC8E00E2E688 /* PBXContainerItemProxy */ = {
			isa = PBXContainerItemProxy;
			containerPortal = E149CB8E1D2ABC7600E2E688 /* Project object */;
			proxyType = 1;
			remoteGlobalIDString = E149CBA61D2ABC8E00E2E688;
			remoteInfo = XCServerAPI;
		};
/* End PBXContainerItemProxy section */

/* Begin PBXFileReference section */
		0E509A0725BBA3CD2DCEF6C3 /* Pods-XCServerAPI.release.xcconfig */ = {isa = PBXFileReference; includeInIndex = 1; lastKnownFileType = text.xcconfig; name = "Pods-XCServerAPI.release.xcconfig"; path = "Pods/Target Support Files/Pods-XCServerAPI/Pods-XCServerAPI.release.xcconfig"; sourceTree = "<group>"; };
		2FB6F550AA2780D2129BCABA /* Pods_XCServerAPI.framework */ = {isa = PBXFileReference; explicitFileType = wrapper.framework; includeInIndex = 0; path = Pods_XCServerAPI.framework; sourceTree = BUILT_PRODUCTS_DIR; };
		3F41A62328F1F9FD45C1DD92 /* Pods_XCServerAPITests.framework */ = {isa = PBXFileReference; explicitFileType = wrapper.framework; includeInIndex = 0; path = Pods_XCServerAPITests.framework; sourceTree = BUILT_PRODUCTS_DIR; };
		7168F2F8281D069E3847D606 /* Pods-XCServerAPITests.debug.xcconfig */ = {isa = PBXFileReference; includeInIndex = 1; lastKnownFileType = text.xcconfig; name = "Pods-XCServerAPITests.debug.xcconfig"; path = "Pods/Target Support Files/Pods-XCServerAPITests/Pods-XCServerAPITests.debug.xcconfig"; sourceTree = "<group>"; };
		DFC97C85D34636CE86B14D89 /* Pods-XCServerAPI.debug.xcconfig */ = {isa = PBXFileReference; includeInIndex = 1; lastKnownFileType = text.xcconfig; name = "Pods-XCServerAPI.debug.xcconfig"; path = "Pods/Target Support Files/Pods-XCServerAPI/Pods-XCServerAPI.debug.xcconfig"; sourceTree = "<group>"; };
		E108CFCD1EFFF33C00BB7978 /* BotTests.swift */ = {isa = PBXFileReference; lastKnownFileType = sourcecode.swift; path = BotTests.swift; sourceTree = "<group>"; };
		E108CFCF1EFFF59F00BB7978 /* Group.swift */ = {isa = PBXFileReference; lastKnownFileType = sourcecode.swift; path = Group.swift; sourceTree = "<group>"; };
		E108CFD11EFFFB6700BB7978 /* IntegrationTests.swift */ = {isa = PBXFileReference; lastKnownFileType = sourcecode.swift; path = IntegrationTests.swift; sourceTree = "<group>"; };
		E108CFD31EFFFD3700BB7978 /* DeviceTests.swift */ = {isa = PBXFileReference; lastKnownFileType = sourcecode.swift; path = DeviceTests.swift; sourceTree = "<group>"; };
		E108CFD51EFFFDF900BB7978 /* TestHierarchyTests.swift */ = {isa = PBXFileReference; lastKnownFileType = sourcecode.swift; path = TestHierarchyTests.swift; sourceTree = "<group>"; };
		E108CFD71F012FE000BB7978 /* ProxiedDevice.swift */ = {isa = PBXFileReference; lastKnownFileType = sourcecode.swift; path = ProxiedDevice.swift; sourceTree = "<group>"; };
		E10CC6561EFFDC2C00FE4A3F /* ProvisioningConfigurationTests.swift */ = {isa = PBXFileReference; lastKnownFileType = sourcecode.swift; path = ProvisioningConfigurationTests.swift; sourceTree = "<group>"; };
		E10CC6581EFFDC7700FE4A3F /* ProvisioningConfiguration.swift */ = {isa = PBXFileReference; lastKnownFileType = sourcecode.swift; path = ProvisioningConfiguration.swift; sourceTree = "<group>"; };
		E10CC65A1EFFDDDB00FE4A3F /* ConfigurationTests.swift */ = {isa = PBXFileReference; lastKnownFileType = sourcecode.swift; path = ConfigurationTests.swift; sourceTree = "<group>"; };
		E10CC65C1EFFE24600FE4A3F /* BuildArgument.swift */ = {isa = PBXFileReference; lastKnownFileType = sourcecode.swift; path = BuildArgument.swift; sourceTree = "<group>"; };
		E10CC65E1EFFE27A00FE4A3F /* TestLocalization.swift */ = {isa = PBXFileReference; lastKnownFileType = sourcecode.swift; path = TestLocalization.swift; sourceTree = "<group>"; };
		E10CC6601EFFE47200FE4A3F /* CodeCoveragePreference.swift */ = {isa = PBXFileReference; lastKnownFileType = sourcecode.swift; path = CodeCoveragePreference.swift; sourceTree = "<group>"; };
		E10CC6621EFFE51100FE4A3F /* CleanSchedule.swift */ = {isa = PBXFileReference; lastKnownFileType = sourcecode.swift; path = CleanSchedule.swift; sourceTree = "<group>"; };
		E149CBA71D2ABC8E00E2E688 /* XCServerAPI.framework */ = {isa = PBXFileReference; explicitFileType = wrapper.framework; includeInIndex = 0; path = XCServerAPI.framework; sourceTree = BUILT_PRODUCTS_DIR; };
		E149CBA91D2ABC8E00E2E688 /* XCServerAPI.h */ = {isa = PBXFileReference; lastKnownFileType = sourcecode.c.h; path = XCServerAPI.h; sourceTree = "<group>"; };
		E149CBAB1D2ABC8E00E2E688 /* Info.plist */ = {isa = PBXFileReference; lastKnownFileType = text.plist.xml; path = Info.plist; sourceTree = "<group>"; };
		E149CBB01D2ABC8E00E2E688 /* XCServerAPITests.xctest */ = {isa = PBXFileReference; explicitFileType = wrapper.cfbundle; includeInIndex = 0; path = XCServerAPITests.xctest; sourceTree = BUILT_PRODUCTS_DIR; };
		E149CBB71D2ABC8E00E2E688 /* Info.plist */ = {isa = PBXFileReference; lastKnownFileType = text.plist.xml; path = Info.plist; sourceTree = "<group>"; };
		E149CBBF1D2ABDD700E2E688 /* APIResponses.swift */ = {isa = PBXFileReference; fileEncoding = 4; lastKnownFileType = sourcecode.swift; path = APIResponses.swift; sourceTree = "<group>"; };
		E149CBC01D2ABDD700E2E688 /* AssetJSON.swift */ = {isa = PBXFileReference; fileEncoding = 4; lastKnownFileType = sourcecode.swift; path = AssetJSON.swift; sourceTree = "<group>"; };
		E149CBC11D2ABDD700E2E688 /* AuthenticationStrategyJSON.swift */ = {isa = PBXFileReference; fileEncoding = 4; lastKnownFileType = sourcecode.swift; path = AuthenticationStrategyJSON.swift; sourceTree = "<group>"; };
		E149CBC21D2ABDD700E2E688 /* BestSuccessStreakJSON.swift */ = {isa = PBXFileReference; fileEncoding = 4; lastKnownFileType = sourcecode.swift; path = BestSuccessStreakJSON.swift; sourceTree = "<group>"; };
		E149CBC31D2ABDD700E2E688 /* BlueprintLocationJSON.swift */ = {isa = PBXFileReference; fileEncoding = 4; lastKnownFileType = sourcecode.swift; path = BlueprintLocationJSON.swift; sourceTree = "<group>"; };
		E149CBC41D2ABDD700E2E688 /* BotJSON.swift */ = {isa = PBXFileReference; fileEncoding = 4; lastKnownFileType = sourcecode.swift; path = BotJSON.swift; sourceTree = "<group>"; };
		E149CBC51D2ABDD700E2E688 /* BuildResultSummaryJSON.swift */ = {isa = PBXFileReference; fileEncoding = 4; lastKnownFileType = sourcecode.swift; path = BuildResultSummaryJSON.swift; sourceTree = "<group>"; };
		E149CBC61D2ABDD700E2E688 /* CommitChangeJSON.swift */ = {isa = PBXFileReference; fileEncoding = 4; lastKnownFileType = sourcecode.swift; path = CommitChangeJSON.swift; sourceTree = "<group>"; };
		E149CBC71D2ABDD700E2E688 /* CommitContributorJSON.swift */ = {isa = PBXFileReference; fileEncoding = 4; lastKnownFileType = sourcecode.swift; path = CommitContributorJSON.swift; sourceTree = "<group>"; };
		E149CBC81D2ABDD700E2E688 /* CommitJSON.swift */ = {isa = PBXFileReference; fileEncoding = 4; lastKnownFileType = sourcecode.swift; path = CommitJSON.swift; sourceTree = "<group>"; };
		E149CBC91D2ABDD700E2E688 /* ConditionsJSON.swift */ = {isa = PBXFileReference; fileEncoding = 4; lastKnownFileType = sourcecode.swift; path = ConditionsJSON.swift; sourceTree = "<group>"; };
		E149CBCA1D2ABDD700E2E688 /* ConfigurationJSON.swift */ = {isa = PBXFileReference; fileEncoding = 4; lastKnownFileType = sourcecode.swift; path = ConfigurationJSON.swift; sourceTree = "<group>"; };
		E149CBCB1D2ABDD700E2E688 /* DeviceJSON.swift */ = {isa = PBXFileReference; fileEncoding = 4; lastKnownFileType = sourcecode.swift; path = DeviceJSON.swift; sourceTree = "<group>"; };
		E149CBCC1D2ABDD700E2E688 /* DeviceSpecificationJSON.swift */ = {isa = PBXFileReference; fileEncoding = 4; lastKnownFileType = sourcecode.swift; path = DeviceSpecificationJSON.swift; sourceTree = "<group>"; };
		E149CBCD1D2ABDD700E2E688 /* EmailConfigurationJSON.swift */ = {isa = PBXFileReference; fileEncoding = 4; lastKnownFileType = sourcecode.swift; path = EmailConfigurationJSON.swift; sourceTree = "<group>"; };
		E149CBCE1D2ABDD700E2E688 /* FilterJSON.swift */ = {isa = PBXFileReference; fileEncoding = 4; lastKnownFileType = sourcecode.swift; path = FilterJSON.swift; sourceTree = "<group>"; };
		E149CBCF1D2ABDD700E2E688 /* IntegrationAssetsJSON.swift */ = {isa = PBXFileReference; fileEncoding = 4; lastKnownFileType = sourcecode.swift; path = IntegrationAssetsJSON.swift; sourceTree = "<group>"; };
		E149CBD01D2ABDD700E2E688 /* IntegrationCommitJSON.swift */ = {isa = PBXFileReference; fileEncoding = 4; lastKnownFileType = sourcecode.swift; path = IntegrationCommitJSON.swift; sourceTree = "<group>"; };
		E149CBD11D2ABDD700E2E688 /* IntegrationIssuesJSON.swift */ = {isa = PBXFileReference; fileEncoding = 4; lastKnownFileType = sourcecode.swift; path = IntegrationIssuesJSON.swift; sourceTree = "<group>"; };
		E149CBD21D2ABDD700E2E688 /* IntegrationJSON.swift */ = {isa = PBXFileReference; fileEncoding = 4; lastKnownFileType = sourcecode.swift; path = IntegrationJSON.swift; sourceTree = "<group>"; };
		E149CBD31D2ABDD700E2E688 /* IssueJSON.swift */ = {isa = PBXFileReference; fileEncoding = 4; lastKnownFileType = sourcecode.swift; path = IssueJSON.swift; sourceTree = "<group>"; };
		E149CBD41D2ABDD700E2E688 /* LastCleanIntegrationJSON.swift */ = {isa = PBXFileReference; fileEncoding = 4; lastKnownFileType = sourcecode.swift; path = LastCleanIntegrationJSON.swift; sourceTree = "<group>"; };
		E149CBD51D2ABDD700E2E688 /* PlatformJSON.swift */ = {isa = PBXFileReference; fileEncoding = 4; lastKnownFileType = sourcecode.swift; path = PlatformJSON.swift; sourceTree = "<group>"; };
		E149CBD61D2ABDD700E2E688 /* RemoteRepositoryJSON.swift */ = {isa = PBXFileReference; fileEncoding = 4; lastKnownFileType = sourcecode.swift; path = RemoteRepositoryJSON.swift; sourceTree = "<group>"; };
		E149CBD71D2ABDD700E2E688 /* RepositoryLocationJSON.swift */ = {isa = PBXFileReference; fileEncoding = 4; lastKnownFileType = sourcecode.swift; path = RepositoryLocationJSON.swift; sourceTree = "<group>"; };
		E149CBD81D2ABDD700E2E688 /* RevisionBlueprintJSON.swift */ = {isa = PBXFileReference; fileEncoding = 4; lastKnownFileType = sourcecode.swift; path = RevisionBlueprintJSON.swift; sourceTree = "<group>"; };
		E149CBD91D2ABDD700E2E688 /* StatsBreakdownJSON.swift */ = {isa = PBXFileReference; fileEncoding = 4; lastKnownFileType = sourcecode.swift; path = StatsBreakdownJSON.swift; sourceTree = "<group>"; };
		E149CBDA1D2ABDD700E2E688 /* StatsJSON.swift */ = {isa = PBXFileReference; fileEncoding = 4; lastKnownFileType = sourcecode.swift; path = StatsJSON.swift; sourceTree = "<group>"; };
		E149CBDB1D2ABDD700E2E688 /* TriggerJSON.swift */ = {isa = PBXFileReference; fileEncoding = 4; lastKnownFileType = sourcecode.swift; path = TriggerJSON.swift; sourceTree = "<group>"; };
		E149CBDC1D2ABDD700E2E688 /* VersionJSON.swift */ = {isa = PBXFileReference; fileEncoding = 4; lastKnownFileType = sourcecode.swift; path = VersionJSON.swift; sourceTree = "<group>"; };
		E149CBDD1D2ABDD700E2E688 /* XCServerWebAPI.swift */ = {isa = PBXFileReference; fileEncoding = 4; lastKnownFileType = sourcecode.swift; path = XCServerWebAPI.swift; sourceTree = "<group>"; };
		E149CC331D2AC0FB00E2E688 /* Podfile */ = {isa = PBXFileReference; fileEncoding = 4; lastKnownFileType = text; path = Podfile; sourceTree = "<group>"; xcLanguageSpecificationIdentifier = xcode.lang.ruby; };
		E149CC341D2AC0FB00E2E688 /* README.md */ = {isa = PBXFileReference; fileEncoding = 4; lastKnownFileType = net.daringfireball.markdown; path = README.md; sourceTree = "<group>"; };
		E149CC351D2AC0FB00E2E688 /* XCServerAPI.podspec */ = {isa = PBXFileReference; fileEncoding = 4; lastKnownFileType = text; path = XCServerAPI.podspec; sourceTree = "<group>"; };
		E151F2141D99B00200157040 /* XCServerDocument.swift */ = {isa = PBXFileReference; fileEncoding = 4; lastKnownFileType = sourcecode.swift; path = XCServerDocument.swift; sourceTree = "<group>"; };
		E151F2161D99BE5600157040 /* IssueAuthorJSON.swift */ = {isa = PBXFileReference; fileEncoding = 4; lastKnownFileType = sourcecode.swift; path = IssueAuthorJSON.swift; sourceTree = "<group>"; };
		E160CEFCE43769AE99A0D9A8 /* Pods-XCServerAPITests.release.xcconfig */ = {isa = PBXFileReference; includeInIndex = 1; lastKnownFileType = text.xcconfig; name = "Pods-XCServerAPITests.release.xcconfig"; path = "Pods/Target Support Files/Pods-XCServerAPITests/Pods-XCServerAPITests.release.xcconfig"; sourceTree = "<group>"; };
		E176DFD21F0280B1005CE042 /* IntegrationSnippet.swift */ = {isa = PBXFileReference; lastKnownFileType = sourcecode.swift; path = IntegrationSnippet.swift; sourceTree = "<group>"; };
		E176DFD41F0283D1005CE042 /* XCServerJSONDecoder.swift */ = {isa = PBXFileReference; lastKnownFileType = sourcecode.swift; path = XCServerJSONDecoder.swift; sourceTree = "<group>"; };
		E176DFD61F02851F005CE042 /* Decodable+XCServerAPI.swift */ = {isa = PBXFileReference; lastKnownFileType = sourcecode.swift; path = "Decodable+XCServerAPI.swift"; sourceTree = "<group>"; };
		E176DFD81F029D98005CE042 /* Issues.swift */ = {isa = PBXFileReference; lastKnownFileType = sourcecode.swift; path = Issues.swift; sourceTree = "<group>"; };
		E176DFDA1F029E4D005CE042 /* IssueGroup.swift */ = {isa = PBXFileReference; lastKnownFileType = sourcecode.swift; path = IssueGroup.swift; sourceTree = "<group>"; };
		E190EBCC1EFEB91C004F0920 /* BotSchedule.swift */ = {isa = PBXFileReference; lastKnownFileType = sourcecode.swift; path = BotSchedule.swift; sourceTree = "<group>"; };
		E190EBCE1EFEB981004F0920 /* PeriodicScheduleInterval.swift */ = {isa = PBXFileReference; lastKnownFileType = sourcecode.swift; path = PeriodicScheduleInterval.swift; sourceTree = "<group>"; };
		E190EBD01EFEBA23004F0920 /* IssueStatus.swift */ = {isa = PBXFileReference; lastKnownFileType = sourcecode.swift; path = IssueStatus.swift; sourceTree = "<group>"; };
		E190EBD21EFEBADD004F0920 /* IntegrationStep.swift */ = {isa = PBXFileReference; lastKnownFileType = sourcecode.swift; path = IntegrationStep.swift; sourceTree = "<group>"; };
		E190EBD41EFEBBB0004F0920 /* IntegrationResult.swift */ = {isa = PBXFileReference; lastKnownFileType = sourcecode.swift; path = IntegrationResult.swift; sourceTree = "<group>"; };
		E190EBD61EFEBC8C004F0920 /* TriggerType.swift */ = {isa = PBXFileReference; lastKnownFileType = sourcecode.swift; path = TriggerType.swift; sourceTree = "<group>"; };
		E190EBD81EFEBCC1004F0920 /* TriggerPhase.swift */ = {isa = PBXFileReference; lastKnownFileType = sourcecode.swift; path = TriggerPhase.swift; sourceTree = "<group>"; };
		E190EBDA1EFEBD23004F0920 /* EmailType.swift */ = {isa = PBXFileReference; lastKnownFileType = sourcecode.swift; path = EmailType.swift; sourceTree = "<group>"; };
		E190EBDC1EFEBD81004F0920 /* ReportSchedule.swift */ = {isa = PBXFileReference; lastKnownFileType = sourcecode.swift; path = ReportSchedule.swift; sourceTree = "<group>"; };
		E190EBDE1EFEBF22004F0920 /* XcodeServerAPI.md */ = {isa = PBXFileReference; lastKnownFileType = net.daringfireball.markdown; path = XcodeServerAPI.md; sourceTree = "<group>"; };
		E190EBDF1EFEC056004F0920 /* RepositoryBlueprint.swift */ = {isa = PBXFileReference; lastKnownFileType = sourcecode.swift; path = RepositoryBlueprint.swift; sourceTree = "<group>"; };
		E190EBE11EFEC953004F0920 /* RepositoryBlueprintTests.swift */ = {isa = PBXFileReference; lastKnownFileType = sourcecode.swift; path = RepositoryBlueprintTests.swift; sourceTree = "<group>"; };
		E1956AD41F01D3F4006193D7 /* IssueTests.swift */ = {isa = PBXFileReference; lastKnownFileType = sourcecode.swift; path = IssueTests.swift; sourceTree = "<group>"; };
		E1956AD61F01D712006193D7 /* CommitTests.swift */ = {isa = PBXFileReference; lastKnownFileType = sourcecode.swift; path = CommitTests.swift; sourceTree = "<group>"; };
		E1956AD81F01D9DE006193D7 /* StatsTests.swift */ = {isa = PBXFileReference; lastKnownFileType = sourcecode.swift; path = StatsTests.swift; sourceTree = "<group>"; };
		E1A3BBB21EFF6152003FBF7F /* DeviceSpecificationTests.swift */ = {isa = PBXFileReference; lastKnownFileType = sourcecode.swift; path = DeviceSpecificationTests.swift; sourceTree = "<group>"; };
		E1AEB59E1F013E7B0019B6E2 /* TestHierarchy.swift */ = {isa = PBXFileReference; lastKnownFileType = sourcecode.swift; path = TestHierarchy.swift; sourceTree = "<group>"; };
/* End PBXFileReference section */

/* Begin PBXFrameworksBuildPhase section */
		E149CBA31D2ABC8E00E2E688 /* Frameworks */ = {
			isa = PBXFrameworksBuildPhase;
			buildActionMask = 2147483647;
			files = (
				0164414CA64501C6F71102CF /* Pods_XCServerAPI.framework in Frameworks */,
			);
			runOnlyForDeploymentPostprocessing = 0;
		};
		E149CBAD1D2ABC8E00E2E688 /* Frameworks */ = {
			isa = PBXFrameworksBuildPhase;
			buildActionMask = 2147483647;
			files = (
				E149CBB11D2ABC8E00E2E688 /* XCServerAPI.framework in Frameworks */,
				2CAA4B297B94CA4ED5C2CC6B /* Pods_XCServerAPITests.framework in Frameworks */,
			);
			runOnlyForDeploymentPostprocessing = 0;
		};
/* End PBXFrameworksBuildPhase section */

/* Begin PBXGroup section */
		7D65CC060CD5C3738BF0ED29 /* Pods */ = {
			isa = PBXGroup;
			children = (
				DFC97C85D34636CE86B14D89 /* Pods-XCServerAPI.debug.xcconfig */,
				0E509A0725BBA3CD2DCEF6C3 /* Pods-XCServerAPI.release.xcconfig */,
				7168F2F8281D069E3847D606 /* Pods-XCServerAPITests.debug.xcconfig */,
				E160CEFCE43769AE99A0D9A8 /* Pods-XCServerAPITests.release.xcconfig */,
			);
			name = Pods;
			sourceTree = "<group>";
		};
		C1914B8474C3628097170BB0 /* Frameworks */ = {
			isa = PBXGroup;
			children = (
				2FB6F550AA2780D2129BCABA /* Pods_XCServerAPI.framework */,
				3F41A62328F1F9FD45C1DD92 /* Pods_XCServerAPITests.framework */,
			);
			name = Frameworks;
			sourceTree = "<group>";
		};
		E149CB8D1D2ABC7600E2E688 = {
			isa = PBXGroup;
			children = (
				E149CC331D2AC0FB00E2E688 /* Podfile */,
				E149CC341D2AC0FB00E2E688 /* README.md */,
				E190EBDE1EFEBF22004F0920 /* XcodeServerAPI.md */,
				E149CC351D2AC0FB00E2E688 /* XCServerAPI.podspec */,
				E149CBBE1D2ABDD700E2E688 /* Sources */,
				E149CBA81D2ABC8E00E2E688 /* XCServerAPI */,
				E149CBB41D2ABC8E00E2E688 /* XCServerAPITests */,
				E149CB971D2ABC7600E2E688 /* Products */,
				7D65CC060CD5C3738BF0ED29 /* Pods */,
				C1914B8474C3628097170BB0 /* Frameworks */,
			);
			sourceTree = "<group>";
		};
		E149CB971D2ABC7600E2E688 /* Products */ = {
			isa = PBXGroup;
			children = (
				E149CBA71D2ABC8E00E2E688 /* XCServerAPI.framework */,
				E149CBB01D2ABC8E00E2E688 /* XCServerAPITests.xctest */,
			);
			name = Products;
			sourceTree = "<group>";
		};
		E149CBA81D2ABC8E00E2E688 /* XCServerAPI */ = {
			isa = PBXGroup;
			children = (
				E149CBA91D2ABC8E00E2E688 /* XCServerAPI.h */,
				E149CBAB1D2ABC8E00E2E688 /* Info.plist */,
			);
			path = XCServerAPI;
			sourceTree = "<group>";
		};
		E149CBB41D2ABC8E00E2E688 /* XCServerAPITests */ = {
			isa = PBXGroup;
			children = (
				E149CBB71D2ABC8E00E2E688 /* Info.plist */,
				E190EBE11EFEC953004F0920 /* RepositoryBlueprintTests.swift */,
				E1A3BBB21EFF6152003FBF7F /* DeviceSpecificationTests.swift */,
				E10CC6561EFFDC2C00FE4A3F /* ProvisioningConfigurationTests.swift */,
				E10CC65A1EFFDDDB00FE4A3F /* ConfigurationTests.swift */,
				E108CFCD1EFFF33C00BB7978 /* BotTests.swift */,
				E108CFD11EFFFB6700BB7978 /* IntegrationTests.swift */,
				E108CFD31EFFFD3700BB7978 /* DeviceTests.swift */,
				E108CFD51EFFFDF900BB7978 /* TestHierarchyTests.swift */,
				E1956AD41F01D3F4006193D7 /* IssueTests.swift */,
				E1956AD61F01D712006193D7 /* CommitTests.swift */,
				E1956AD81F01D9DE006193D7 /* StatsTests.swift */,
			);
			path = XCServerAPITests;
			sourceTree = "<group>";
		};
		E149CBBE1D2ABDD700E2E688 /* Sources */ = {
			isa = PBXGroup;
			children = (
				E149CBBF1D2ABDD700E2E688 /* APIResponses.swift */,
				E149CBC01D2ABDD700E2E688 /* AssetJSON.swift */,
				E149CBC11D2ABDD700E2E688 /* AuthenticationStrategyJSON.swift */,
				E149CBC21D2ABDD700E2E688 /* BestSuccessStreakJSON.swift */,
				E149CBC31D2ABDD700E2E688 /* BlueprintLocationJSON.swift */,
				E149CBC41D2ABDD700E2E688 /* BotJSON.swift */,
				E190EBCC1EFEB91C004F0920 /* BotSchedule.swift */,
				E10CC65C1EFFE24600FE4A3F /* BuildArgument.swift */,
				E149CBC51D2ABDD700E2E688 /* BuildResultSummaryJSON.swift */,
				E10CC6621EFFE51100FE4A3F /* CleanSchedule.swift */,
				E10CC6601EFFE47200FE4A3F /* CodeCoveragePreference.swift */,
				E149CBC61D2ABDD700E2E688 /* CommitChangeJSON.swift */,
				E149CBC71D2ABDD700E2E688 /* CommitContributorJSON.swift */,
				E149CBC81D2ABDD700E2E688 /* CommitJSON.swift */,
				E149CBC91D2ABDD700E2E688 /* ConditionsJSON.swift */,
				E149CBCA1D2ABDD700E2E688 /* ConfigurationJSON.swift */,
				E176DFD61F02851F005CE042 /* Decodable+XCServerAPI.swift */,
				E149CBCB1D2ABDD700E2E688 /* DeviceJSON.swift */,
				E149CBCC1D2ABDD700E2E688 /* DeviceSpecificationJSON.swift */,
				E149CBCD1D2ABDD700E2E688 /* EmailConfigurationJSON.swift */,
				E190EBDA1EFEBD23004F0920 /* EmailType.swift */,
				E149CBCE1D2ABDD700E2E688 /* FilterJSON.swift */,
				E108CFCF1EFFF59F00BB7978 /* Group.swift */,
				E149CBCF1D2ABDD700E2E688 /* IntegrationAssetsJSON.swift */,
				E149CBD01D2ABDD700E2E688 /* IntegrationCommitJSON.swift */,
				E149CBD11D2ABDD700E2E688 /* IntegrationIssuesJSON.swift */,
				E149CBD21D2ABDD700E2E688 /* IntegrationJSON.swift */,
				E190EBD41EFEBBB0004F0920 /* IntegrationResult.swift */,
				E176DFD21F0280B1005CE042 /* IntegrationSnippet.swift */,
				E190EBD21EFEBADD004F0920 /* IntegrationStep.swift */,
				E151F2161D99BE5600157040 /* IssueAuthorJSON.swift */,
				E149CBD31D2ABDD700E2E688 /* IssueJSON.swift */,
				E176DFDA1F029E4D005CE042 /* IssueGroup.swift */,
				E176DFD81F029D98005CE042 /* Issues.swift */,
				E190EBD01EFEBA23004F0920 /* IssueStatus.swift */,
				E149CBD41D2ABDD700E2E688 /* LastCleanIntegrationJSON.swift */,
				E190EBCE1EFEB981004F0920 /* PeriodicScheduleInterval.swift */,
				E149CBD51D2ABDD700E2E688 /* PlatformJSON.swift */,
				E10CC6581EFFDC7700FE4A3F /* ProvisioningConfiguration.swift */,
				E108CFD71F012FE000BB7978 /* ProxiedDevice.swift */,
				E149CBD61D2ABDD700E2E688 /* RemoteRepositoryJSON.swift */,
				E190EBDC1EFEBD81004F0920 /* ReportSchedule.swift */,
				E190EBDF1EFEC056004F0920 /* RepositoryBlueprint.swift */,
				E149CBD71D2ABDD700E2E688 /* RepositoryLocationJSON.swift */,
				E149CBD81D2ABDD700E2E688 /* RevisionBlueprintJSON.swift */,
				E149CBD91D2ABDD700E2E688 /* StatsBreakdownJSON.swift */,
				E149CBDA1D2ABDD700E2E688 /* StatsJSON.swift */,
				E1AEB59E1F013E7B0019B6E2 /* TestHierarchy.swift */,
				E10CC65E1EFFE27A00FE4A3F /* TestLocalization.swift */,
				E149CBDB1D2ABDD700E2E688 /* TriggerJSON.swift */,
				E190EBD81EFEBCC1004F0920 /* TriggerPhase.swift */,
				E190EBD61EFEBC8C004F0920 /* TriggerType.swift */,
				E149CBDC1D2ABDD700E2E688 /* VersionJSON.swift */,
				E151F2141D99B00200157040 /* XCServerDocument.swift */,
				E176DFD41F0283D1005CE042 /* XCServerJSONDecoder.swift */,
				E149CBDD1D2ABDD700E2E688 /* XCServerWebAPI.swift */,
			);
			path = Sources;
			sourceTree = "<group>";
		};
/* End PBXGroup section */

/* Begin PBXHeadersBuildPhase section */
		E149CBA41D2ABC8E00E2E688 /* Headers */ = {
			isa = PBXHeadersBuildPhase;
			buildActionMask = 2147483647;
			files = (
				E149CBAA1D2ABC8E00E2E688 /* XCServerAPI.h in Headers */,
			);
			runOnlyForDeploymentPostprocessing = 0;
		};
/* End PBXHeadersBuildPhase section */

/* Begin PBXNativeTarget section */
		E149CBA61D2ABC8E00E2E688 /* XCServerAPI */ = {
			isa = PBXNativeTarget;
			buildConfigurationList = E149CBB81D2ABC8E00E2E688 /* Build configuration list for PBXNativeTarget "XCServerAPI" */;
			buildPhases = (
				FB284931F7A366CE225D39C1 /* [CP] Check Pods Manifest.lock */,
				E149CBA21D2ABC8E00E2E688 /* Sources */,
				E149CBA31D2ABC8E00E2E688 /* Frameworks */,
				E149CBA41D2ABC8E00E2E688 /* Headers */,
				E149CBA51D2ABC8E00E2E688 /* Resources */,
				C850CE59D5337C2C4928EA69 /* [CP] Copy Pods Resources */,
			);
			buildRules = (
			);
			dependencies = (
			);
			name = XCServerAPI;
			productName = XCServerAPI;
			productReference = E149CBA71D2ABC8E00E2E688 /* XCServerAPI.framework */;
			productType = "com.apple.product-type.framework";
		};
		E149CBAF1D2ABC8E00E2E688 /* XCServerAPITests */ = {
			isa = PBXNativeTarget;
			buildConfigurationList = E149CBBB1D2ABC8E00E2E688 /* Build configuration list for PBXNativeTarget "XCServerAPITests" */;
			buildPhases = (
				887CBB9526CF81D6B7C88BDE /* [CP] Check Pods Manifest.lock */,
				E149CBAC1D2ABC8E00E2E688 /* Sources */,
				E149CBAD1D2ABC8E00E2E688 /* Frameworks */,
				E149CBAE1D2ABC8E00E2E688 /* Resources */,
				046F6838C1B20AA6AFFA44E2 /* [CP] Embed Pods Frameworks */,
				825104F3E30F61C37F9FC41B /* [CP] Copy Pods Resources */,
			);
			buildRules = (
			);
			dependencies = (
				E149CBB31D2ABC8E00E2E688 /* PBXTargetDependency */,
			);
			name = XCServerAPITests;
			productName = XCServerAPITests;
			productReference = E149CBB01D2ABC8E00E2E688 /* XCServerAPITests.xctest */;
			productType = "com.apple.product-type.bundle.unit-test";
		};
/* End PBXNativeTarget section */

/* Begin PBXProject section */
		E149CB8E1D2ABC7600E2E688 /* Project object */ = {
			isa = PBXProject;
			attributes = {
				LastSwiftUpdateCheck = 0730;
				LastUpgradeCheck = 0800;
				ORGANIZATIONNAME = "Richard Piazza";
				TargetAttributes = {
					E149CBA61D2ABC8E00E2E688 = {
						CreatedOnToolsVersion = 7.3.1;
						LastSwiftMigration = 0800;
					};
					E149CBAF1D2ABC8E00E2E688 = {
						CreatedOnToolsVersion = 7.3.1;
						LastSwiftMigration = 0800;
					};
				};
			};
			buildConfigurationList = E149CB911D2ABC7600E2E688 /* Build configuration list for PBXProject "XCServerAPI" */;
			compatibilityVersion = "Xcode 3.2";
			developmentRegion = English;
			hasScannedForEncodings = 0;
			knownRegions = (
				en,
			);
			mainGroup = E149CB8D1D2ABC7600E2E688;
			productRefGroup = E149CB971D2ABC7600E2E688 /* Products */;
			projectDirPath = "";
			projectRoot = "";
			targets = (
				E149CBA61D2ABC8E00E2E688 /* XCServerAPI */,
				E149CBAF1D2ABC8E00E2E688 /* XCServerAPITests */,
			);
		};
/* End PBXProject section */

/* Begin PBXResourcesBuildPhase section */
		E149CBA51D2ABC8E00E2E688 /* Resources */ = {
			isa = PBXResourcesBuildPhase;
			buildActionMask = 2147483647;
			files = (
			);
			runOnlyForDeploymentPostprocessing = 0;
		};
		E149CBAE1D2ABC8E00E2E688 /* Resources */ = {
			isa = PBXResourcesBuildPhase;
			buildActionMask = 2147483647;
			files = (
			);
			runOnlyForDeploymentPostprocessing = 0;
		};
/* End PBXResourcesBuildPhase section */

/* Begin PBXShellScriptBuildPhase section */
		046F6838C1B20AA6AFFA44E2 /* [CP] Embed Pods Frameworks */ = {
			isa = PBXShellScriptBuildPhase;
			buildActionMask = 2147483647;
			files = (
			);
			inputPaths = (
			);
			name = "[CP] Embed Pods Frameworks";
			outputPaths = (
			);
			runOnlyForDeploymentPostprocessing = 0;
			shellPath = /bin/sh;
			shellScript = "\"${SRCROOT}/Pods/Target Support Files/Pods-XCServerAPITests/Pods-XCServerAPITests-frameworks.sh\"\n";
			showEnvVarsInLog = 0;
		};
		825104F3E30F61C37F9FC41B /* [CP] Copy Pods Resources */ = {
			isa = PBXShellScriptBuildPhase;
			buildActionMask = 2147483647;
			files = (
			);
			inputPaths = (
			);
			name = "[CP] Copy Pods Resources";
			outputPaths = (
			);
			runOnlyForDeploymentPostprocessing = 0;
			shellPath = /bin/sh;
			shellScript = "\"${SRCROOT}/Pods/Target Support Files/Pods-XCServerAPITests/Pods-XCServerAPITests-resources.sh\"\n";
			showEnvVarsInLog = 0;
		};
		887CBB9526CF81D6B7C88BDE /* [CP] Check Pods Manifest.lock */ = {
			isa = PBXShellScriptBuildPhase;
			buildActionMask = 2147483647;
			files = (
			);
			inputPaths = (
			);
			name = "[CP] Check Pods Manifest.lock";
			outputPaths = (
			);
			runOnlyForDeploymentPostprocessing = 0;
			shellPath = /bin/sh;
			shellScript = "diff \"${PODS_ROOT}/../Podfile.lock\" \"${PODS_ROOT}/Manifest.lock\" > /dev/null\nif [ $? != 0 ] ; then\n    # print error to STDERR\n    echo \"error: The sandbox is not in sync with the Podfile.lock. Run 'pod install' or update your CocoaPods installation.\" >&2\n    exit 1\nfi\n";
			showEnvVarsInLog = 0;
		};
		C850CE59D5337C2C4928EA69 /* [CP] Copy Pods Resources */ = {
			isa = PBXShellScriptBuildPhase;
			buildActionMask = 2147483647;
			files = (
			);
			inputPaths = (
			);
			name = "[CP] Copy Pods Resources";
			outputPaths = (
			);
			runOnlyForDeploymentPostprocessing = 0;
			shellPath = /bin/sh;
			shellScript = "\"${SRCROOT}/Pods/Target Support Files/Pods-XCServerAPI/Pods-XCServerAPI-resources.sh\"\n";
			showEnvVarsInLog = 0;
		};
		FB284931F7A366CE225D39C1 /* [CP] Check Pods Manifest.lock */ = {
			isa = PBXShellScriptBuildPhase;
			buildActionMask = 2147483647;
			files = (
			);
			inputPaths = (
			);
			name = "[CP] Check Pods Manifest.lock";
			outputPaths = (
			);
			runOnlyForDeploymentPostprocessing = 0;
			shellPath = /bin/sh;
			shellScript = "diff \"${PODS_ROOT}/../Podfile.lock\" \"${PODS_ROOT}/Manifest.lock\" > /dev/null\nif [ $? != 0 ] ; then\n    # print error to STDERR\n    echo \"error: The sandbox is not in sync with the Podfile.lock. Run 'pod install' or update your CocoaPods installation.\" >&2\n    exit 1\nfi\n";
			showEnvVarsInLog = 0;
		};
/* End PBXShellScriptBuildPhase section */

/* Begin PBXSourcesBuildPhase section */
		E149CBA21D2ABC8E00E2E688 /* Sources */ = {
			isa = PBXSourcesBuildPhase;
			buildActionMask = 2147483647;
			files = (
				E108CFD01EFFF59F00BB7978 /* Group.swift in Sources */,
				E149CBEA1D2ABDD700E2E688 /* DeviceJSON.swift in Sources */,
				E10CC6591EFFDC7700FE4A3F /* ProvisioningConfiguration.swift in Sources */,
				E10CC65F1EFFE27A00FE4A3F /* TestLocalization.swift in Sources */,
				E149CBE91D2ABDD700E2E688 /* ConfigurationJSON.swift in Sources */,
				E10CC65D1EFFE24600FE4A3F /* BuildArgument.swift in Sources */,
				E190EBD91EFEBCC1004F0920 /* TriggerPhase.swift in Sources */,
				E151F2151D99B00200157040 /* XCServerDocument.swift in Sources */,
				E190EBD31EFEBADD004F0920 /* IntegrationStep.swift in Sources */,
				E149CBEC1D2ABDD700E2E688 /* EmailConfigurationJSON.swift in Sources */,
				E1AEB59F1F013E7B0019B6E2 /* TestHierarchy.swift in Sources */,
				E190EBD11EFEBA23004F0920 /* IssueStatus.swift in Sources */,
				E190EBDB1EFEBD23004F0920 /* EmailType.swift in Sources */,
				E149CBE41D2ABDD700E2E688 /* BuildResultSummaryJSON.swift in Sources */,
				E149CBF61D2ABDD700E2E688 /* RepositoryLocationJSON.swift in Sources */,
				E190EBCD1EFEB91C004F0920 /* BotSchedule.swift in Sources */,
				E149CBE21D2ABDD700E2E688 /* BlueprintLocationJSON.swift in Sources */,
				E149CBF41D2ABDD700E2E688 /* PlatformJSON.swift in Sources */,
				E149CBE81D2ABDD700E2E688 /* ConditionsJSON.swift in Sources */,
				E149CBE51D2ABDD700E2E688 /* CommitChangeJSON.swift in Sources */,
				E149CBDF1D2ABDD700E2E688 /* AssetJSON.swift in Sources */,
				E149CBFA1D2ABDD700E2E688 /* TriggerJSON.swift in Sources */,
				E149CBF21D2ABDD700E2E688 /* IssueJSON.swift in Sources */,
				E190EBD71EFEBC8C004F0920 /* TriggerType.swift in Sources */,
				E149CBEB1D2ABDD700E2E688 /* DeviceSpecificationJSON.swift in Sources */,
				E149CBF71D2ABDD700E2E688 /* RevisionBlueprintJSON.swift in Sources */,
				E176DFD31F0280B1005CE042 /* IntegrationSnippet.swift in Sources */,
				E149CBFB1D2ABDD700E2E688 /* VersionJSON.swift in Sources */,
				E149CBF51D2ABDD700E2E688 /* RemoteRepositoryJSON.swift in Sources */,
				E149CBE11D2ABDD700E2E688 /* BestSuccessStreakJSON.swift in Sources */,
				E149CBEE1D2ABDD700E2E688 /* IntegrationAssetsJSON.swift in Sources */,
				E149CBF81D2ABDD700E2E688 /* StatsBreakdownJSON.swift in Sources */,
				E149CBE31D2ABDD700E2E688 /* BotJSON.swift in Sources */,
				E10CC6631EFFE51100FE4A3F /* CleanSchedule.swift in Sources */,
				E10CC6611EFFE47200FE4A3F /* CodeCoveragePreference.swift in Sources */,
				E149CBED1D2ABDD700E2E688 /* FilterJSON.swift in Sources */,
				E149CBF91D2ABDD700E2E688 /* StatsJSON.swift in Sources */,
				E108CFD81F012FE000BB7978 /* ProxiedDevice.swift in Sources */,
				E149CBE71D2ABDD700E2E688 /* CommitJSON.swift in Sources */,
				E176DFD91F029D98005CE042 /* Issues.swift in Sources */,
				E190EBD51EFEBBB0004F0920 /* IntegrationResult.swift in Sources */,
				E149CBE01D2ABDD700E2E688 /* AuthenticationStrategyJSON.swift in Sources */,
				E190EBE01EFEC056004F0920 /* RepositoryBlueprint.swift in Sources */,
				E149CBDE1D2ABDD700E2E688 /* APIResponses.swift in Sources */,
				E151F2171D99BE5600157040 /* IssueAuthorJSON.swift in Sources */,
				E176DFD51F0283D1005CE042 /* XCServerJSONDecoder.swift in Sources */,
				E149CBF01D2ABDD700E2E688 /* IntegrationIssuesJSON.swift in Sources */,
				E149CBE61D2ABDD700E2E688 /* CommitContributorJSON.swift in Sources */,
				E149CBF11D2ABDD700E2E688 /* IntegrationJSON.swift in Sources */,
				E176DFDB1F029E4D005CE042 /* IssueGroup.swift in Sources */,
				E149CBF31D2ABDD700E2E688 /* LastCleanIntegrationJSON.swift in Sources */,
				E190EBDD1EFEBD81004F0920 /* ReportSchedule.swift in Sources */,
				E176DFD71F02851F005CE042 /* Decodable+XCServerAPI.swift in Sources */,
				E190EBCF1EFEB981004F0920 /* PeriodicScheduleInterval.swift in Sources */,
				E149CBFC1D2ABDD700E2E688 /* XCServerWebAPI.swift in Sources */,
				E149CBEF1D2ABDD700E2E688 /* IntegrationCommitJSON.swift in Sources */,
			);
			runOnlyForDeploymentPostprocessing = 0;
		};
		E149CBAC1D2ABC8E00E2E688 /* Sources */ = {
			isa = PBXSourcesBuildPhase;
			buildActionMask = 2147483647;
			files = (
				E108CFCE1EFFF33C00BB7978 /* BotTests.swift in Sources */,
				E1956AD91F01D9DE006193D7 /* StatsTests.swift in Sources */,
				E108CFD41EFFFD3700BB7978 /* DeviceTests.swift in Sources */,
				E1956AD51F01D3F4006193D7 /* IssueTests.swift in Sources */,
				E1A3BBB31EFF6152003FBF7F /* DeviceSpecificationTests.swift in Sources */,
				E1956AD71F01D712006193D7 /* CommitTests.swift in Sources */,
				E108CFD21EFFFB6700BB7978 /* IntegrationTests.swift in Sources */,
				E10CC65B1EFFDDDB00FE4A3F /* ConfigurationTests.swift in Sources */,
				E108CFD61EFFFDF900BB7978 /* TestHierarchyTests.swift in Sources */,
				E10CC6571EFFDC2C00FE4A3F /* ProvisioningConfigurationTests.swift in Sources */,
				E190EBE21EFEC953004F0920 /* RepositoryBlueprintTests.swift in Sources */,
			);
			runOnlyForDeploymentPostprocessing = 0;
		};
/* End PBXSourcesBuildPhase section */

/* Begin PBXTargetDependency section */
		E149CBB31D2ABC8E00E2E688 /* PBXTargetDependency */ = {
			isa = PBXTargetDependency;
			target = E149CBA61D2ABC8E00E2E688 /* XCServerAPI */;
			targetProxy = E149CBB21D2ABC8E00E2E688 /* PBXContainerItemProxy */;
		};
/* End PBXTargetDependency section */

/* Begin XCBuildConfiguration section */
		E149CB9D1D2ABC7600E2E688 /* Debug */ = {
			isa = XCBuildConfiguration;
			buildSettings = {
				ALWAYS_SEARCH_USER_PATHS = NO;
				CLANG_ANALYZER_NONNULL = YES;
				CLANG_CXX_LANGUAGE_STANDARD = "gnu++0x";
				CLANG_CXX_LIBRARY = "libc++";
				CLANG_ENABLE_MODULES = YES;
				CLANG_ENABLE_OBJC_ARC = YES;
				CLANG_WARN_BOOL_CONVERSION = YES;
				CLANG_WARN_CONSTANT_CONVERSION = YES;
				CLANG_WARN_DIRECT_OBJC_ISA_USAGE = YES_ERROR;
				CLANG_WARN_EMPTY_BODY = YES;
				CLANG_WARN_ENUM_CONVERSION = YES;
				CLANG_WARN_INFINITE_RECURSION = YES;
				CLANG_WARN_INT_CONVERSION = YES;
				CLANG_WARN_OBJC_ROOT_CLASS = YES_ERROR;
				CLANG_WARN_SUSPICIOUS_MOVE = YES;
				CLANG_WARN_UNREACHABLE_CODE = YES;
				CLANG_WARN__DUPLICATE_METHOD_MATCH = YES;
				"CODE_SIGN_IDENTITY[sdk=iphoneos*]" = "iPhone Developer";
				COPY_PHASE_STRIP = NO;
				DEBUG_INFORMATION_FORMAT = dwarf;
				ENABLE_STRICT_OBJC_MSGSEND = YES;
				ENABLE_TESTABILITY = YES;
				GCC_C_LANGUAGE_STANDARD = gnu99;
				GCC_DYNAMIC_NO_PIC = NO;
				GCC_NO_COMMON_BLOCKS = YES;
				GCC_OPTIMIZATION_LEVEL = 0;
				GCC_PREPROCESSOR_DEFINITIONS = (
					"DEBUG=1",
					"$(inherited)",
				);
				GCC_WARN_64_TO_32_BIT_CONVERSION = YES;
				GCC_WARN_ABOUT_RETURN_TYPE = YES_ERROR;
				GCC_WARN_UNDECLARED_SELECTOR = YES;
				GCC_WARN_UNINITIALIZED_AUTOS = YES_AGGRESSIVE;
				GCC_WARN_UNUSED_FUNCTION = YES;
				GCC_WARN_UNUSED_VARIABLE = YES;
				IPHONEOS_DEPLOYMENT_TARGET = 11.0;
				MTL_ENABLE_DEBUG_INFO = YES;
				ONLY_ACTIVE_ARCH = YES;
				SDKROOT = iphoneos;
				SWIFT_VERSION = 3.0;
			};
			name = Debug;
		};
		E149CB9E1D2ABC7600E2E688 /* Release */ = {
			isa = XCBuildConfiguration;
			buildSettings = {
				ALWAYS_SEARCH_USER_PATHS = NO;
				CLANG_ANALYZER_NONNULL = YES;
				CLANG_CXX_LANGUAGE_STANDARD = "gnu++0x";
				CLANG_CXX_LIBRARY = "libc++";
				CLANG_ENABLE_MODULES = YES;
				CLANG_ENABLE_OBJC_ARC = YES;
				CLANG_WARN_BOOL_CONVERSION = YES;
				CLANG_WARN_CONSTANT_CONVERSION = YES;
				CLANG_WARN_DIRECT_OBJC_ISA_USAGE = YES_ERROR;
				CLANG_WARN_EMPTY_BODY = YES;
				CLANG_WARN_ENUM_CONVERSION = YES;
				CLANG_WARN_INFINITE_RECURSION = YES;
				CLANG_WARN_INT_CONVERSION = YES;
				CLANG_WARN_OBJC_ROOT_CLASS = YES_ERROR;
				CLANG_WARN_SUSPICIOUS_MOVE = YES;
				CLANG_WARN_UNREACHABLE_CODE = YES;
				CLANG_WARN__DUPLICATE_METHOD_MATCH = YES;
				"CODE_SIGN_IDENTITY[sdk=iphoneos*]" = "iPhone Developer";
				COPY_PHASE_STRIP = NO;
				DEBUG_INFORMATION_FORMAT = "dwarf-with-dsym";
				ENABLE_NS_ASSERTIONS = NO;
				ENABLE_STRICT_OBJC_MSGSEND = YES;
				GCC_C_LANGUAGE_STANDARD = gnu99;
				GCC_NO_COMMON_BLOCKS = YES;
				GCC_WARN_64_TO_32_BIT_CONVERSION = YES;
				GCC_WARN_ABOUT_RETURN_TYPE = YES_ERROR;
				GCC_WARN_UNDECLARED_SELECTOR = YES;
				GCC_WARN_UNINITIALIZED_AUTOS = YES_AGGRESSIVE;
				GCC_WARN_UNUSED_FUNCTION = YES;
				GCC_WARN_UNUSED_VARIABLE = YES;
				IPHONEOS_DEPLOYMENT_TARGET = 11.0;
				MTL_ENABLE_DEBUG_INFO = NO;
				SDKROOT = iphoneos;
				SWIFT_OPTIMIZATION_LEVEL = "-Owholemodule";
				SWIFT_VERSION = 3.0;
				VALIDATE_PRODUCT = YES;
			};
			name = Release;
		};
		E149CBB91D2ABC8E00E2E688 /* Debug */ = {
			isa = XCBuildConfiguration;
			baseConfigurationReference = DFC97C85D34636CE86B14D89 /* Pods-XCServerAPI.debug.xcconfig */;
			buildSettings = {
				"CODE_SIGN_IDENTITY[sdk=iphoneos*]" = "";
				CURRENT_PROJECT_VERSION = 1;
				DEFINES_MODULE = YES;
				DYLIB_COMPATIBILITY_VERSION = 1;
				DYLIB_CURRENT_VERSION = 1;
				DYLIB_INSTALL_NAME_BASE = "@rpath";
				INFOPLIST_FILE = XCServerAPI/Info.plist;
				INSTALL_PATH = "$(LOCAL_LIBRARY_DIR)/Frameworks";
				LD_RUNPATH_SEARCH_PATHS = "$(inherited) @executable_path/Frameworks @loader_path/Frameworks";
				PRODUCT_BUNDLE_IDENTIFIER = com.richardpiazza.XCServerAPI;
				PRODUCT_NAME = "$(TARGET_NAME)";
				SKIP_INSTALL = YES;
				SWIFT_OPTIMIZATION_LEVEL = "-Onone";
				SWIFT_VERSION = 3.0;
				TARGETED_DEVICE_FAMILY = "1,2";
				VERSIONING_SYSTEM = "apple-generic";
				VERSION_INFO_PREFIX = "";
			};
			name = Debug;
		};
		E149CBBA1D2ABC8E00E2E688 /* Release */ = {
			isa = XCBuildConfiguration;
			baseConfigurationReference = 0E509A0725BBA3CD2DCEF6C3 /* Pods-XCServerAPI.release.xcconfig */;
			buildSettings = {
				"CODE_SIGN_IDENTITY[sdk=iphoneos*]" = "";
				CURRENT_PROJECT_VERSION = 1;
				DEFINES_MODULE = YES;
				DYLIB_COMPATIBILITY_VERSION = 1;
				DYLIB_CURRENT_VERSION = 1;
				DYLIB_INSTALL_NAME_BASE = "@rpath";
				INFOPLIST_FILE = XCServerAPI/Info.plist;
				INSTALL_PATH = "$(LOCAL_LIBRARY_DIR)/Frameworks";
				LD_RUNPATH_SEARCH_PATHS = "$(inherited) @executable_path/Frameworks @loader_path/Frameworks";
				PRODUCT_BUNDLE_IDENTIFIER = com.richardpiazza.XCServerAPI;
				PRODUCT_NAME = "$(TARGET_NAME)";
				SKIP_INSTALL = YES;
				SWIFT_VERSION = 3.0;
				TARGETED_DEVICE_FAMILY = "1,2";
				VERSIONING_SYSTEM = "apple-generic";
				VERSION_INFO_PREFIX = "";
			};
			name = Release;
		};
		E149CBBC1D2ABC8E00E2E688 /* Debug */ = {
			isa = XCBuildConfiguration;
			baseConfigurationReference = 7168F2F8281D069E3847D606 /* Pods-XCServerAPITests.debug.xcconfig */;
			buildSettings = {
				ALWAYS_EMBED_SWIFT_STANDARD_LIBRARIES = YES;
				INFOPLIST_FILE = XCServerAPITests/Info.plist;
				LD_RUNPATH_SEARCH_PATHS = "$(inherited) @executable_path/Frameworks @loader_path/Frameworks";
				PRODUCT_BUNDLE_IDENTIFIER = com.richardpiazza.XCServerAPITests;
				PRODUCT_NAME = "$(TARGET_NAME)";
				SWIFT_OPTIMIZATION_LEVEL = "-Onone";
				SWIFT_VERSION = 3.0;
			};
			name = Debug;
		};
		E149CBBD1D2ABC8E00E2E688 /* Release */ = {
			isa = XCBuildConfiguration;
			baseConfigurationReference = E160CEFCE43769AE99A0D9A8 /* Pods-XCServerAPITests.release.xcconfig */;
			buildSettings = {
				ALWAYS_EMBED_SWIFT_STANDARD_LIBRARIES = YES;
				INFOPLIST_FILE = XCServerAPITests/Info.plist;
				LD_RUNPATH_SEARCH_PATHS = "$(inherited) @executable_path/Frameworks @loader_path/Frameworks";
				PRODUCT_BUNDLE_IDENTIFIER = com.richardpiazza.XCServerAPITests;
				PRODUCT_NAME = "$(TARGET_NAME)";
				SWIFT_VERSION = 3.0;
			};
			name = Release;
		};
/* End XCBuildConfiguration section */

/* Begin XCConfigurationList section */
		E149CB911D2ABC7600E2E688 /* Build configuration list for PBXProject "XCServerAPI" */ = {
			isa = XCConfigurationList;
			buildConfigurations = (
				E149CB9D1D2ABC7600E2E688 /* Debug */,
				E149CB9E1D2ABC7600E2E688 /* Release */,
			);
			defaultConfigurationIsVisible = 0;
			defaultConfigurationName = Release;
		};
		E149CBB81D2ABC8E00E2E688 /* Build configuration list for PBXNativeTarget "XCServerAPI" */ = {
			isa = XCConfigurationList;
			buildConfigurations = (
				E149CBB91D2ABC8E00E2E688 /* Debug */,
				E149CBBA1D2ABC8E00E2E688 /* Release */,
			);
			defaultConfigurationIsVisible = 0;
			defaultConfigurationName = Release;
		};
		E149CBBB1D2ABC8E00E2E688 /* Build configuration list for PBXNativeTarget "XCServerAPITests" */ = {
			isa = XCConfigurationList;
			buildConfigurations = (
				E149CBBC1D2ABC8E00E2E688 /* Debug */,
				E149CBBD1D2ABC8E00E2E688 /* Release */,
			);
			defaultConfigurationIsVisible = 0;
			defaultConfigurationName = Release;
		};
/* End XCConfigurationList section */
	};
	rootObject = E149CB8E1D2ABC7600E2E688 /* Project object */;
}
